
Microsoft Visual Studio Solution File, Format Version 12.00
# Visual Studio Version 17
VisualStudioVersion = 17.0.31612.314
MinimumVisualStudioVersion = 10.0.40219.1
Project("{9A19103F-16F7-4668-BE54-9A1E7A4F7556}") = "ui044", "ui044.csproj", "{7B174749-4CB0-41AF-B319-D85C77A15D16}"
EndProject
Global
	GlobalSection(SolutionConfigurationPlatforms) = preSolution
		Debug|Any CPU = Debug|Any CPU
		Release|Any CPU = Release|Any CPU
	EndGlobalSection
	GlobalSection(ProjectConfigurationPlatforms) = postSolution
		{7B174749-4CB0-41AF-B319-D85C77A15D16}.Debug|Any CPU.ActiveCfg = Debug|Any CPU
		{7B174749-4CB0-41AF-B319-D85C77A15D16}.Debug|Any CPU.Build.0 = Debug|Any CPU
		{7B174749-4CB0-41AF-B319-D85C77A15D16}.Release|Any CPU.ActiveCfg = Release|Any CPU
		{7B174749-4CB0-41AF-B319-D85C77A15D16}.Release|Any CPU.Build.0 = Release|Any CPU
	EndGlobalSection
	GlobalSection(SolutionProperties) = preSolution
		HideSolutionNode = FALSE
	EndGlobalSection
	GlobalSection(ExtensibilityGlobals) = postSolution
		SolutionGuid = {35A5BC46-92B3-49A6-9567-726A41BEE38C}
	EndGlobalSection
EndGlobal
