
Microsoft Visual Studio Solution File, Format Version 12.00
# Visual Studio Version 17
VisualStudioVersion = 17.0.31717.71
MinimumVisualStudioVersion = 10.0.40219.1
Project("{9A19103F-16F7-4668-BE54-9A1E7A4F7556}") = "db370", "db370.csproj", "{1313CEC6-D7D1-436A-BB4F-F83F3DBA74F0}"
EndProject
Global
	GlobalSection(SolutionConfigurationPlatforms) = preSolution
		Debug|Any CPU = Debug|Any CPU
		Release|Any CPU = Release|Any CPU
	EndGlobalSection
	GlobalSection(ProjectConfigurationPlatforms) = postSolution
		{1313CEC6-D7D1-436A-BB4F-F83F3DBA74F0}.Debug|Any CPU.ActiveCfg = Debug|Any CPU
		{1313CEC6-D7D1-436A-BB4F-F83F3DBA74F0}.Debug|Any CPU.Build.0 = Debug|Any CPU
		{1313CEC6-D7D1-436A-BB4F-F83F3DBA74F0}.Release|Any CPU.ActiveCfg = Release|Any CPU
		{1313CEC6-D7D1-436A-BB4F-F83F3DBA74F0}.Release|Any CPU.Build.0 = Release|Any CPU
	EndGlobalSection
	GlobalSection(SolutionProperties) = preSolution
		HideSolutionNode = FALSE
	EndGlobalSection
	GlobalSection(ExtensibilityGlobals) = postSolution
		SolutionGuid = {9BB8F426-7DAC-45E5-A273-010650DE8421}
	EndGlobalSection
EndGlobal
