
Microsoft Visual Studio Solution File, Format Version 12.00
# Visual Studio Version 17
VisualStudioVersion = 17.0.31717.71
MinimumVisualStudioVersion = 10.0.40219.1
Project("{9A19103F-16F7-4668-BE54-9A1E7A4F7556}") = "net380", "net380.csproj", "{FB66D1E8-2163-495D-82E2-54394DA9BA37}"
EndProject
Project("{9A19103F-16F7-4668-BE54-9A1E7A4F7556}") = "netserver", "..\netserver\netserver.csproj", "{7D5878E6-57E3-4D55-BE17-1B2F8EEB0E64}"
EndProject
Global
	GlobalSection(SolutionConfigurationPlatforms) = preSolution
		Debug|Any CPU = Debug|Any CPU
		Release|Any CPU = Release|Any CPU
	EndGlobalSection
	GlobalSection(ProjectConfigurationPlatforms) = postSolution
		{FB66D1E8-2163-495D-82E2-54394DA9BA37}.Debug|Any CPU.ActiveCfg = Debug|Any CPU
		{FB66D1E8-2163-495D-82E2-54394DA9BA37}.Debug|Any CPU.Build.0 = Debug|Any CPU
		{FB66D1E8-2163-495D-82E2-54394DA9BA37}.Release|Any CPU.ActiveCfg = Release|Any CPU
		{FB66D1E8-2163-495D-82E2-54394DA9BA37}.Release|Any CPU.Build.0 = Release|Any CPU
		{7D5878E6-57E3-4D55-BE17-1B2F8EEB0E64}.Debug|Any CPU.ActiveCfg = Debug|Any CPU
		{7D5878E6-57E3-4D55-BE17-1B2F8EEB0E64}.Debug|Any CPU.Build.0 = Debug|Any CPU
		{7D5878E6-57E3-4D55-BE17-1B2F8EEB0E64}.Release|Any CPU.ActiveCfg = Release|Any CPU
		{7D5878E6-57E3-4D55-BE17-1B2F8EEB0E64}.Release|Any CPU.Build.0 = Release|Any CPU
	EndGlobalSection
	GlobalSection(SolutionProperties) = preSolution
		HideSolutionNode = FALSE
	EndGlobalSection
	GlobalSection(ExtensibilityGlobals) = postSolution
		SolutionGuid = {5E217FE6-7CD9-4220-A8A6-997AC4B19F8D}
	EndGlobalSection
EndGlobal
