
Microsoft Visual Studio Solution File, Format Version 12.00
# Visual Studio Version 17
VisualStudioVersion = 17.0.31612.314
MinimumVisualStudioVersion = 10.0.40219.1
Project("{9A19103F-16F7-4668-BE54-9A1E7A4F7556}") = "pg157", "pg157.csproj", "{B9831EAA-F190-46D6-AA32-C86F24081B2D}"
EndProject
Global
	GlobalSection(SolutionConfigurationPlatforms) = preSolution
		Debug|Any CPU = Debug|Any CPU
		Release|Any CPU = Release|Any CPU
	EndGlobalSection
	GlobalSection(ProjectConfigurationPlatforms) = postSolution
		{B9831EAA-F190-46D6-AA32-C86F24081B2D}.Debug|Any CPU.ActiveCfg = Debug|Any CPU
		{B9831EAA-F190-46D6-AA32-C86F24081B2D}.Debug|Any CPU.Build.0 = Debug|Any CPU
		{B9831EAA-F190-46D6-AA32-C86F24081B2D}.Release|Any CPU.ActiveCfg = Release|Any CPU
		{B9831EAA-F190-46D6-AA32-C86F24081B2D}.Release|Any CPU.Build.0 = Release|Any CPU
	EndGlobalSection
	GlobalSection(SolutionProperties) = preSolution
		HideSolutionNode = FALSE
	EndGlobalSection
	GlobalSection(ExtensibilityGlobals) = postSolution
		SolutionGuid = {41EA14E8-B8DD-4713-9386-C7D5F442C5F4}
	EndGlobalSection
EndGlobal
