
Microsoft Visual Studio Solution File, Format Version 12.00
# Visual Studio Version 17
VisualStudioVersion = 17.0.31612.314
MinimumVisualStudioVersion = 10.0.40219.1
Project("{9A19103F-16F7-4668-BE54-9A1E7A4F7556}") = "pg160", "pg160.csproj", "{00E15727-7087-4AF2-9964-291C9A2D7F0C}"
EndProject
Global
	GlobalSection(SolutionConfigurationPlatforms) = preSolution
		Debug|Any CPU = Debug|Any CPU
		Release|Any CPU = Release|Any CPU
	EndGlobalSection
	GlobalSection(ProjectConfigurationPlatforms) = postSolution
		{00E15727-7087-4AF2-9964-291C9A2D7F0C}.Debug|Any CPU.ActiveCfg = Debug|Any CPU
		{00E15727-7087-4AF2-9964-291C9A2D7F0C}.Debug|Any CPU.Build.0 = Debug|Any CPU
		{00E15727-7087-4AF2-9964-291C9A2D7F0C}.Release|Any CPU.ActiveCfg = Release|Any CPU
		{00E15727-7087-4AF2-9964-291C9A2D7F0C}.Release|Any CPU.Build.0 = Release|Any CPU
	EndGlobalSection
	GlobalSection(SolutionProperties) = preSolution
		HideSolutionNode = FALSE
	EndGlobalSection
	GlobalSection(ExtensibilityGlobals) = postSolution
		SolutionGuid = {638F0F5D-0B0D-4296-802B-69D98CA9230C}
	EndGlobalSection
EndGlobal
