
Microsoft Visual Studio Solution File, Format Version 12.00
# Visual Studio Version 17
VisualStudioVersion = 17.0.31717.71
MinimumVisualStudioVersion = 10.0.40219.1
Project("{9A19103F-16F7-4668-BE54-9A1E7A4F7556}") = "db350", "db350.csproj", "{84715C45-80AB-42D2-B82F-29CAF075BA91}"
EndProject
Global
	GlobalSection(SolutionConfigurationPlatforms) = preSolution
		Debug|Any CPU = Debug|Any CPU
		Release|Any CPU = Release|Any CPU
	EndGlobalSection
	GlobalSection(ProjectConfigurationPlatforms) = postSolution
		{84715C45-80AB-42D2-B82F-29CAF075BA91}.Debug|Any CPU.ActiveCfg = Debug|Any CPU
		{84715C45-80AB-42D2-B82F-29CAF075BA91}.Debug|Any CPU.Build.0 = Debug|Any CPU
		{84715C45-80AB-42D2-B82F-29CAF075BA91}.Release|Any CPU.ActiveCfg = Release|Any CPU
		{84715C45-80AB-42D2-B82F-29CAF075BA91}.Release|Any CPU.Build.0 = Release|Any CPU
	EndGlobalSection
	GlobalSection(SolutionProperties) = preSolution
		HideSolutionNode = FALSE
	EndGlobalSection
	GlobalSection(ExtensibilityGlobals) = postSolution
		SolutionGuid = {F5580BCE-F373-40E7-994D-4BB2A79E1BCE}
	EndGlobalSection
EndGlobal
