
Microsoft Visual Studio Solution File, Format Version 12.00
# Visual Studio Version 17
VisualStudioVersion = 17.0.31717.71
MinimumVisualStudioVersion = 10.0.40219.1
Project("{9A19103F-16F7-4668-BE54-9A1E7A4F7556}") = "wpf294", "wpf294.csproj", "{23CB9BA9-3379-4C4F-B0AB-8C86CED431D2}"
EndProject
Global
	GlobalSection(SolutionConfigurationPlatforms) = preSolution
		Debug|Any CPU = Debug|Any CPU
		Release|Any CPU = Release|Any CPU
	EndGlobalSection
	GlobalSection(ProjectConfigurationPlatforms) = postSolution
		{23CB9BA9-3379-4C4F-B0AB-8C86CED431D2}.Debug|Any CPU.ActiveCfg = Debug|Any CPU
		{23CB9BA9-3379-4C4F-B0AB-8C86CED431D2}.Debug|Any CPU.Build.0 = Debug|Any CPU
		{23CB9BA9-3379-4C4F-B0AB-8C86CED431D2}.Release|Any CPU.ActiveCfg = Release|Any CPU
		{23CB9BA9-3379-4C4F-B0AB-8C86CED431D2}.Release|Any CPU.Build.0 = Release|Any CPU
	EndGlobalSection
	GlobalSection(SolutionProperties) = preSolution
		HideSolutionNode = FALSE
	EndGlobalSection
	GlobalSection(ExtensibilityGlobals) = postSolution
		SolutionGuid = {F097D181-82DE-4283-BD47-4FA61F40AA36}
	EndGlobalSection
EndGlobal
