
Microsoft Visual Studio Solution File, Format Version 12.00
# Visual Studio Version 17
VisualStudioVersion = 17.0.31717.71
MinimumVisualStudioVersion = 10.0.40219.1
Project("{9A19103F-16F7-4668-BE54-9A1E7A4F7556}") = "wpf304", "wpf304.csproj", "{050176ED-B759-405B-879F-90179356DFF1}"
EndProject
Global
	GlobalSection(SolutionConfigurationPlatforms) = preSolution
		Debug|Any CPU = Debug|Any CPU
		Release|Any CPU = Release|Any CPU
	EndGlobalSection
	GlobalSection(ProjectConfigurationPlatforms) = postSolution
		{050176ED-B759-405B-879F-90179356DFF1}.Debug|Any CPU.ActiveCfg = Debug|Any CPU
		{050176ED-B759-405B-879F-90179356DFF1}.Debug|Any CPU.Build.0 = Debug|Any CPU
		{050176ED-B759-405B-879F-90179356DFF1}.Release|Any CPU.ActiveCfg = Release|Any CPU
		{050176ED-B759-405B-879F-90179356DFF1}.Release|Any CPU.Build.0 = Release|Any CPU
	EndGlobalSection
	GlobalSection(SolutionProperties) = preSolution
		HideSolutionNode = FALSE
	EndGlobalSection
	GlobalSection(ExtensibilityGlobals) = postSolution
		SolutionGuid = {58BBDE1B-DBE9-4EF8-A1E2-2A53A9008D8D}
	EndGlobalSection
EndGlobal
