
Microsoft Visual Studio Solution File, Format Version 12.00
# Visual Studio Version 17
VisualStudioVersion = 17.0.31612.314
MinimumVisualStudioVersion = 10.0.40219.1
Project("{9A19103F-16F7-4668-BE54-9A1E7A4F7556}") = "ui071", "ui071.csproj", "{DD448801-7D80-4EFB-AD10-BF2B62F6C0EC}"
EndProject
Global
	GlobalSection(SolutionConfigurationPlatforms) = preSolution
		Debug|Any CPU = Debug|Any CPU
		Release|Any CPU = Release|Any CPU
	EndGlobalSection
	GlobalSection(ProjectConfigurationPlatforms) = postSolution
		{DD448801-7D80-4EFB-AD10-BF2B62F6C0EC}.Debug|Any CPU.ActiveCfg = Debug|Any CPU
		{DD448801-7D80-4EFB-AD10-BF2B62F6C0EC}.Debug|Any CPU.Build.0 = Debug|Any CPU
		{DD448801-7D80-4EFB-AD10-BF2B62F6C0EC}.Release|Any CPU.ActiveCfg = Release|Any CPU
		{DD448801-7D80-4EFB-AD10-BF2B62F6C0EC}.Release|Any CPU.Build.0 = Release|Any CPU
	EndGlobalSection
	GlobalSection(SolutionProperties) = preSolution
		HideSolutionNode = FALSE
	EndGlobalSection
	GlobalSection(ExtensibilityGlobals) = postSolution
		SolutionGuid = {7EFF70E0-4309-4AC9-AA47-A89FAA74336C}
	EndGlobalSection
EndGlobal
