
Microsoft Visual Studio Solution File, Format Version 12.00
# Visual Studio Version 17
VisualStudioVersion = 17.0.31612.314
MinimumVisualStudioVersion = 10.0.40219.1
Project("{9A19103F-16F7-4668-BE54-9A1E7A4F7556}") = "ui083", "ui083.csproj", "{B51FD7A1-178D-4609-B0C3-4CDB7A1C661B}"
EndProject
Global
	GlobalSection(SolutionConfigurationPlatforms) = preSolution
		Debug|Any CPU = Debug|Any CPU
		Release|Any CPU = Release|Any CPU
	EndGlobalSection
	GlobalSection(ProjectConfigurationPlatforms) = postSolution
		{B51FD7A1-178D-4609-B0C3-4CDB7A1C661B}.Debug|Any CPU.ActiveCfg = Debug|Any CPU
		{B51FD7A1-178D-4609-B0C3-4CDB7A1C661B}.Debug|Any CPU.Build.0 = Debug|Any CPU
		{B51FD7A1-178D-4609-B0C3-4CDB7A1C661B}.Release|Any CPU.ActiveCfg = Release|Any CPU
		{B51FD7A1-178D-4609-B0C3-4CDB7A1C661B}.Release|Any CPU.Build.0 = Release|Any CPU
	EndGlobalSection
	GlobalSection(SolutionProperties) = preSolution
		HideSolutionNode = FALSE
	EndGlobalSection
	GlobalSection(ExtensibilityGlobals) = postSolution
		SolutionGuid = {2AB6D887-DCDF-42CC-821C-557BD425371E}
	EndGlobalSection
EndGlobal
