
Microsoft Visual Studio Solution File, Format Version 12.00
# Visual Studio Version 17
VisualStudioVersion = 17.0.31717.71
MinimumVisualStudioVersion = 10.0.40219.1
Project("{9A19103F-16F7-4668-BE54-9A1E7A4F7556}") = "net372", "net372.csproj", "{4B7BB44F-D885-4D7D-97A6-23928CA0745E}"
EndProject
Global
	GlobalSection(SolutionConfigurationPlatforms) = preSolution
		Debug|Any CPU = Debug|Any CPU
		Release|Any CPU = Release|Any CPU
	EndGlobalSection
	GlobalSection(ProjectConfigurationPlatforms) = postSolution
		{4B7BB44F-D885-4D7D-97A6-23928CA0745E}.Debug|Any CPU.ActiveCfg = Debug|Any CPU
		{4B7BB44F-D885-4D7D-97A6-23928CA0745E}.Debug|Any CPU.Build.0 = Debug|Any CPU
		{4B7BB44F-D885-4D7D-97A6-23928CA0745E}.Release|Any CPU.ActiveCfg = Release|Any CPU
		{4B7BB44F-D885-4D7D-97A6-23928CA0745E}.Release|Any CPU.Build.0 = Release|Any CPU
	EndGlobalSection
	GlobalSection(SolutionProperties) = preSolution
		HideSolutionNode = FALSE
	EndGlobalSection
	GlobalSection(ExtensibilityGlobals) = postSolution
		SolutionGuid = {9962F2F7-CDA2-4054-A786-7E9839D0F633}
	EndGlobalSection
EndGlobal
