
Microsoft Visual Studio Solution File, Format Version 12.00
# Visual Studio Version 17
VisualStudioVersion = 17.0.31808.319
MinimumVisualStudioVersion = 10.0.40219.1
Project("{9A19103F-16F7-4668-BE54-9A1E7A4F7556}") = "net383", "net383.csproj", "{7D284B70-0328-4F82-81A4-29D96A2C8AA4}"
EndProject
Project("{9A19103F-16F7-4668-BE54-9A1E7A4F7556}") = "netserver", "..\netserver\netserver.csproj", "{8E9134EC-E546-4AB8-9B12-57C17D1BE2F6}"
EndProject
Global
	GlobalSection(SolutionConfigurationPlatforms) = preSolution
		Debug|Any CPU = Debug|Any CPU
		Release|Any CPU = Release|Any CPU
	EndGlobalSection
	GlobalSection(ProjectConfigurationPlatforms) = postSolution
		{7D284B70-0328-4F82-81A4-29D96A2C8AA4}.Debug|Any CPU.ActiveCfg = Debug|Any CPU
		{7D284B70-0328-4F82-81A4-29D96A2C8AA4}.Debug|Any CPU.Build.0 = Debug|Any CPU
		{7D284B70-0328-4F82-81A4-29D96A2C8AA4}.Release|Any CPU.ActiveCfg = Release|Any CPU
		{7D284B70-0328-4F82-81A4-29D96A2C8AA4}.Release|Any CPU.Build.0 = Release|Any CPU
		{8E9134EC-E546-4AB8-9B12-57C17D1BE2F6}.Debug|Any CPU.ActiveCfg = Debug|Any CPU
		{8E9134EC-E546-4AB8-9B12-57C17D1BE2F6}.Debug|Any CPU.Build.0 = Debug|Any CPU
		{8E9134EC-E546-4AB8-9B12-57C17D1BE2F6}.Release|Any CPU.ActiveCfg = Release|Any CPU
		{8E9134EC-E546-4AB8-9B12-57C17D1BE2F6}.Release|Any CPU.Build.0 = Release|Any CPU
	EndGlobalSection
	GlobalSection(SolutionProperties) = preSolution
		HideSolutionNode = FALSE
	EndGlobalSection
	GlobalSection(ExtensibilityGlobals) = postSolution
		SolutionGuid = {099ACD09-3788-4900-AB53-91FFFDDE0D5F}
	EndGlobalSection
EndGlobal
