
Microsoft Visual Studio Solution File, Format Version 12.00
# Visual Studio Version 17
VisualStudioVersion = 17.0.31808.319
MinimumVisualStudioVersion = 10.0.40219.1
Project("{9A19103F-16F7-4668-BE54-9A1E7A4F7556}") = "web413", "web413.csproj", "{A3A381A9-2A07-4F17-9634-5BBF745D26FB}"
EndProject
Global
	GlobalSection(SolutionConfigurationPlatforms) = preSolution
		Debug|Any CPU = Debug|Any CPU
		Release|Any CPU = Release|Any CPU
	EndGlobalSection
	GlobalSection(ProjectConfigurationPlatforms) = postSolution
		{A3A381A9-2A07-4F17-9634-5BBF745D26FB}.Debug|Any CPU.ActiveCfg = Debug|Any CPU
		{A3A381A9-2A07-4F17-9634-5BBF745D26FB}.Debug|Any CPU.Build.0 = Debug|Any CPU
		{A3A381A9-2A07-4F17-9634-5BBF745D26FB}.Release|Any CPU.ActiveCfg = Release|Any CPU
		{A3A381A9-2A07-4F17-9634-5BBF745D26FB}.Release|Any CPU.Build.0 = Release|Any CPU
	EndGlobalSection
	GlobalSection(SolutionProperties) = preSolution
		HideSolutionNode = FALSE
	EndGlobalSection
	GlobalSection(ExtensibilityGlobals) = postSolution
		SolutionGuid = {FC1A52D6-EABB-4F8C-A557-CE4B019AAEA8}
	EndGlobalSection
EndGlobal
