
Microsoft Visual Studio Solution File, Format Version 12.00
# Visual Studio Version 17
VisualStudioVersion = 17.0.31717.71
MinimumVisualStudioVersion = 10.0.40219.1
Project("{9A19103F-16F7-4668-BE54-9A1E7A4F7556}") = "string202", "string202.csproj", "{698FDD58-9901-43CC-9FDE-B1470E5C2EBD}"
EndProject
Global
	GlobalSection(SolutionConfigurationPlatforms) = preSolution
		Debug|Any CPU = Debug|Any CPU
		Release|Any CPU = Release|Any CPU
	EndGlobalSection
	GlobalSection(ProjectConfigurationPlatforms) = postSolution
		{698FDD58-9901-43CC-9FDE-B1470E5C2EBD}.Debug|Any CPU.ActiveCfg = Debug|Any CPU
		{698FDD58-9901-43CC-9FDE-B1470E5C2EBD}.Debug|Any CPU.Build.0 = Debug|Any CPU
		{698FDD58-9901-43CC-9FDE-B1470E5C2EBD}.Release|Any CPU.ActiveCfg = Release|Any CPU
		{698FDD58-9901-43CC-9FDE-B1470E5C2EBD}.Release|Any CPU.Build.0 = Release|Any CPU
	EndGlobalSection
	GlobalSection(SolutionProperties) = preSolution
		HideSolutionNode = FALSE
	EndGlobalSection
	GlobalSection(ExtensibilityGlobals) = postSolution
		SolutionGuid = {ACA0291D-CDE4-49BE-93B8-28FDDB8EA0DE}
	EndGlobalSection
EndGlobal
