
Microsoft Visual Studio Solution File, Format Version 12.00
# Visual Studio Version 17
VisualStudioVersion = 17.0.31717.71
MinimumVisualStudioVersion = 10.0.40219.1
Project("{9A19103F-16F7-4668-BE54-9A1E7A4F7556}") = "file218", "file218.csproj", "{1EFEA751-AA0D-41DA-899A-DAF7113042AD}"
EndProject
Global
	GlobalSection(SolutionConfigurationPlatforms) = preSolution
		Debug|Any CPU = Debug|Any CPU
		Release|Any CPU = Release|Any CPU
	EndGlobalSection
	GlobalSection(ProjectConfigurationPlatforms) = postSolution
		{1EFEA751-AA0D-41DA-899A-DAF7113042AD}.Debug|Any CPU.ActiveCfg = Debug|Any CPU
		{1EFEA751-AA0D-41DA-899A-DAF7113042AD}.Debug|Any CPU.Build.0 = Debug|Any CPU
		{1EFEA751-AA0D-41DA-899A-DAF7113042AD}.Release|Any CPU.ActiveCfg = Release|Any CPU
		{1EFEA751-AA0D-41DA-899A-DAF7113042AD}.Release|Any CPU.Build.0 = Release|Any CPU
	EndGlobalSection
	GlobalSection(SolutionProperties) = preSolution
		HideSolutionNode = FALSE
	EndGlobalSection
	GlobalSection(ExtensibilityGlobals) = postSolution
		SolutionGuid = {5934BF16-B3AF-4122-A5F3-A8E955C1BDB6}
	EndGlobalSection
EndGlobal
