
Microsoft Visual Studio Solution File, Format Version 12.00
# Visual Studio Version 17
VisualStudioVersion = 17.0.31903.59
MinimumVisualStudioVersion = 10.0.40219.1
Project("{9A19103F-16F7-4668-BE54-9A1E7A4F7556}") = "error238", "error238.csproj", "{4D2839E2-AC4B-4944-BD80-325C2ED1F838}"
EndProject
Global
	GlobalSection(SolutionConfigurationPlatforms) = preSolution
		Debug|Any CPU = Debug|Any CPU
		Release|Any CPU = Release|Any CPU
	EndGlobalSection
	GlobalSection(ProjectConfigurationPlatforms) = postSolution
		{4D2839E2-AC4B-4944-BD80-325C2ED1F838}.Debug|Any CPU.ActiveCfg = Debug|Any CPU
		{4D2839E2-AC4B-4944-BD80-325C2ED1F838}.Debug|Any CPU.Build.0 = Debug|Any CPU
		{4D2839E2-AC4B-4944-BD80-325C2ED1F838}.Release|Any CPU.ActiveCfg = Release|Any CPU
		{4D2839E2-AC4B-4944-BD80-325C2ED1F838}.Release|Any CPU.Build.0 = Release|Any CPU
	EndGlobalSection
	GlobalSection(SolutionProperties) = preSolution
		HideSolutionNode = FALSE
	EndGlobalSection
	GlobalSection(ExtensibilityGlobals) = postSolution
		SolutionGuid = {A3C0926E-9DAF-4AF6-B9E7-ED00E1A96DFC}
	EndGlobalSection
EndGlobal
