
Microsoft Visual Studio Solution File, Format Version 12.00
# Visual Studio Version 17
VisualStudioVersion = 17.0.31717.71
MinimumVisualStudioVersion = 10.0.40219.1
Project("{9A19103F-16F7-4668-BE54-9A1E7A4F7556}") = "string213", "string213.csproj", "{9E9F3A39-D0B8-4DA0-9009-BCE80934924A}"
EndProject
Global
	GlobalSection(SolutionConfigurationPlatforms) = preSolution
		Debug|Any CPU = Debug|Any CPU
		Release|Any CPU = Release|Any CPU
	EndGlobalSection
	GlobalSection(ProjectConfigurationPlatforms) = postSolution
		{9E9F3A39-D0B8-4DA0-9009-BCE80934924A}.Debug|Any CPU.ActiveCfg = Debug|Any CPU
		{9E9F3A39-D0B8-4DA0-9009-BCE80934924A}.Debug|Any CPU.Build.0 = Debug|Any CPU
		{9E9F3A39-D0B8-4DA0-9009-BCE80934924A}.Release|Any CPU.ActiveCfg = Release|Any CPU
		{9E9F3A39-D0B8-4DA0-9009-BCE80934924A}.Release|Any CPU.Build.0 = Release|Any CPU
	EndGlobalSection
	GlobalSection(SolutionProperties) = preSolution
		HideSolutionNode = FALSE
	EndGlobalSection
	GlobalSection(ExtensibilityGlobals) = postSolution
		SolutionGuid = {1881A812-5A7B-4971-B0C3-9EE4DAC628CE}
	EndGlobalSection
EndGlobal
