
Microsoft Visual Studio Solution File, Format Version 12.00
# Visual Studio Version 17
VisualStudioVersion = 17.0.32014.148
MinimumVisualStudioVersion = 10.0.40219.1
Project("{9A19103F-16F7-4668-BE54-9A1E7A4F7556}") = "ui088", "ui088.csproj", "{1C50B58F-6460-44BA-876F-122FB303BE41}"
EndProject
Global
	GlobalSection(SolutionConfigurationPlatforms) = preSolution
		Debug|Any CPU = Debug|Any CPU
		Release|Any CPU = Release|Any CPU
	EndGlobalSection
	GlobalSection(ProjectConfigurationPlatforms) = postSolution
		{1C50B58F-6460-44BA-876F-122FB303BE41}.Debug|Any CPU.ActiveCfg = Debug|Any CPU
		{1C50B58F-6460-44BA-876F-122FB303BE41}.Debug|Any CPU.Build.0 = Debug|Any CPU
		{1C50B58F-6460-44BA-876F-122FB303BE41}.Release|Any CPU.ActiveCfg = Release|Any CPU
		{1C50B58F-6460-44BA-876F-122FB303BE41}.Release|Any CPU.Build.0 = Release|Any CPU
	EndGlobalSection
	GlobalSection(SolutionProperties) = preSolution
		HideSolutionNode = FALSE
	EndGlobalSection
	GlobalSection(ExtensibilityGlobals) = postSolution
		SolutionGuid = {F0CA2B1C-FF33-4C85-BBB9-9D480302BD64}
	EndGlobalSection
EndGlobal
