
Microsoft Visual Studio Solution File, Format Version 12.00
# Visual Studio Version 17
VisualStudioVersion = 17.0.31717.71
MinimumVisualStudioVersion = 10.0.40219.1
Project("{9A19103F-16F7-4668-BE54-9A1E7A4F7556}") = "graph290", "graph290.csproj", "{2CBAB9A3-FD7A-405A-ACFD-EA8A4DB64952}"
EndProject
Global
	GlobalSection(SolutionConfigurationPlatforms) = preSolution
		Debug|Any CPU = Debug|Any CPU
		Release|Any CPU = Release|Any CPU
	EndGlobalSection
	GlobalSection(ProjectConfigurationPlatforms) = postSolution
		{2CBAB9A3-FD7A-405A-ACFD-EA8A4DB64952}.Debug|Any CPU.ActiveCfg = Debug|Any CPU
		{2CBAB9A3-FD7A-405A-ACFD-EA8A4DB64952}.Debug|Any CPU.Build.0 = Debug|Any CPU
		{2CBAB9A3-FD7A-405A-ACFD-EA8A4DB64952}.Release|Any CPU.ActiveCfg = Release|Any CPU
		{2CBAB9A3-FD7A-405A-ACFD-EA8A4DB64952}.Release|Any CPU.Build.0 = Release|Any CPU
	EndGlobalSection
	GlobalSection(SolutionProperties) = preSolution
		HideSolutionNode = FALSE
	EndGlobalSection
	GlobalSection(ExtensibilityGlobals) = postSolution
		SolutionGuid = {2102A63E-3069-4A71-A23D-71BF0920B3D4}
	EndGlobalSection
EndGlobal
