
Microsoft Visual Studio Solution File, Format Version 12.00
# Visual Studio Version 17
VisualStudioVersion = 17.0.31717.71
MinimumVisualStudioVersion = 10.0.40219.1
Project("{9A19103F-16F7-4668-BE54-9A1E7A4F7556}") = "wpf323", "wpf323.csproj", "{F36FE15B-E81F-4B26-A636-06C0B2218B95}"
EndProject
Global
	GlobalSection(SolutionConfigurationPlatforms) = preSolution
		Debug|Any CPU = Debug|Any CPU
		Release|Any CPU = Release|Any CPU
	EndGlobalSection
	GlobalSection(ProjectConfigurationPlatforms) = postSolution
		{F36FE15B-E81F-4B26-A636-06C0B2218B95}.Debug|Any CPU.ActiveCfg = Debug|Any CPU
		{F36FE15B-E81F-4B26-A636-06C0B2218B95}.Debug|Any CPU.Build.0 = Debug|Any CPU
		{F36FE15B-E81F-4B26-A636-06C0B2218B95}.Release|Any CPU.ActiveCfg = Release|Any CPU
		{F36FE15B-E81F-4B26-A636-06C0B2218B95}.Release|Any CPU.Build.0 = Release|Any CPU
	EndGlobalSection
	GlobalSection(SolutionProperties) = preSolution
		HideSolutionNode = FALSE
	EndGlobalSection
	GlobalSection(ExtensibilityGlobals) = postSolution
		SolutionGuid = {20F338F7-1C5E-4F68-BF94-22CFAF2ED05C}
	EndGlobalSection
EndGlobal
