
Microsoft Visual Studio Solution File, Format Version 12.00
# Visual Studio Version 17
VisualStudioVersion = 17.0.31612.314
MinimumVisualStudioVersion = 10.0.40219.1
Project("{9A19103F-16F7-4668-BE54-9A1E7A4F7556}") = "ui069", "ui069.csproj", "{A49152B1-7168-40EB-9B4A-B2C0BA0D2CCB}"
EndProject
Global
	GlobalSection(SolutionConfigurationPlatforms) = preSolution
		Debug|Any CPU = Debug|Any CPU
		Release|Any CPU = Release|Any CPU
	EndGlobalSection
	GlobalSection(ProjectConfigurationPlatforms) = postSolution
		{A49152B1-7168-40EB-9B4A-B2C0BA0D2CCB}.Debug|Any CPU.ActiveCfg = Debug|Any CPU
		{A49152B1-7168-40EB-9B4A-B2C0BA0D2CCB}.Debug|Any CPU.Build.0 = Debug|Any CPU
		{A49152B1-7168-40EB-9B4A-B2C0BA0D2CCB}.Release|Any CPU.ActiveCfg = Release|Any CPU
		{A49152B1-7168-40EB-9B4A-B2C0BA0D2CCB}.Release|Any CPU.Build.0 = Release|Any CPU
	EndGlobalSection
	GlobalSection(SolutionProperties) = preSolution
		HideSolutionNode = FALSE
	EndGlobalSection
	GlobalSection(ExtensibilityGlobals) = postSolution
		SolutionGuid = {40C427B6-D840-4E8E-8592-9D7CF4BE0F9D}
	EndGlobalSection
EndGlobal
