
Microsoft Visual Studio Solution File, Format Version 12.00
# Visual Studio Version 17
VisualStudioVersion = 17.0.31612.314
MinimumVisualStudioVersion = 10.0.40219.1
Project("{9A19103F-16F7-4668-BE54-9A1E7A4F7556}") = "pg151", "pg151.csproj", "{6E663C44-BB77-41C7-BE1B-01F30EDD3F6D}"
EndProject
Global
	GlobalSection(SolutionConfigurationPlatforms) = preSolution
		Debug|Any CPU = Debug|Any CPU
		Release|Any CPU = Release|Any CPU
	EndGlobalSection
	GlobalSection(ProjectConfigurationPlatforms) = postSolution
		{6E663C44-BB77-41C7-BE1B-01F30EDD3F6D}.Debug|Any CPU.ActiveCfg = Debug|Any CPU
		{6E663C44-BB77-41C7-BE1B-01F30EDD3F6D}.Debug|Any CPU.Build.0 = Debug|Any CPU
		{6E663C44-BB77-41C7-BE1B-01F30EDD3F6D}.Release|Any CPU.ActiveCfg = Release|Any CPU
		{6E663C44-BB77-41C7-BE1B-01F30EDD3F6D}.Release|Any CPU.Build.0 = Release|Any CPU
	EndGlobalSection
	GlobalSection(SolutionProperties) = preSolution
		HideSolutionNode = FALSE
	EndGlobalSection
	GlobalSection(ExtensibilityGlobals) = postSolution
		SolutionGuid = {06F1FA1A-ED74-4080-B358-4934984B672F}
	EndGlobalSection
EndGlobal
