
Microsoft Visual Studio Solution File, Format Version 12.00
# Visual Studio Version 17
VisualStudioVersion = 17.0.31717.71
MinimumVisualStudioVersion = 10.0.40219.1
Project("{9A19103F-16F7-4668-BE54-9A1E7A4F7556}") = "file231", "file231.csproj", "{628A4A89-DBDD-4F54-B676-EAE7D5B79D6B}"
EndProject
Global
	GlobalSection(SolutionConfigurationPlatforms) = preSolution
		Debug|Any CPU = Debug|Any CPU
		Release|Any CPU = Release|Any CPU
	EndGlobalSection
	GlobalSection(ProjectConfigurationPlatforms) = postSolution
		{628A4A89-DBDD-4F54-B676-EAE7D5B79D6B}.Debug|Any CPU.ActiveCfg = Debug|Any CPU
		{628A4A89-DBDD-4F54-B676-EAE7D5B79D6B}.Debug|Any CPU.Build.0 = Debug|Any CPU
		{628A4A89-DBDD-4F54-B676-EAE7D5B79D6B}.Release|Any CPU.ActiveCfg = Release|Any CPU
		{628A4A89-DBDD-4F54-B676-EAE7D5B79D6B}.Release|Any CPU.Build.0 = Release|Any CPU
	EndGlobalSection
	GlobalSection(SolutionProperties) = preSolution
		HideSolutionNode = FALSE
	EndGlobalSection
	GlobalSection(ExtensibilityGlobals) = postSolution
		SolutionGuid = {04988B81-FAD8-4BA7-BAB6-5516059E622C}
	EndGlobalSection
EndGlobal
