
Microsoft Visual Studio Solution File, Format Version 12.00
# Visual Studio Version 17
VisualStudioVersion = 17.0.31717.71
MinimumVisualStudioVersion = 10.0.40219.1
Project("{9A19103F-16F7-4668-BE54-9A1E7A4F7556}") = "db341", "db341.csproj", "{D4D25E82-89C9-4912-852F-DF5F14EAF392}"
EndProject
Global
	GlobalSection(SolutionConfigurationPlatforms) = preSolution
		Debug|Any CPU = Debug|Any CPU
		Release|Any CPU = Release|Any CPU
	EndGlobalSection
	GlobalSection(ProjectConfigurationPlatforms) = postSolution
		{D4D25E82-89C9-4912-852F-DF5F14EAF392}.Debug|Any CPU.ActiveCfg = Debug|Any CPU
		{D4D25E82-89C9-4912-852F-DF5F14EAF392}.Debug|Any CPU.Build.0 = Debug|Any CPU
		{D4D25E82-89C9-4912-852F-DF5F14EAF392}.Release|Any CPU.ActiveCfg = Release|Any CPU
		{D4D25E82-89C9-4912-852F-DF5F14EAF392}.Release|Any CPU.Build.0 = Release|Any CPU
	EndGlobalSection
	GlobalSection(SolutionProperties) = preSolution
		HideSolutionNode = FALSE
	EndGlobalSection
	GlobalSection(ExtensibilityGlobals) = postSolution
		SolutionGuid = {B11ABAD7-6270-48CC-889A-AFA25B4A562F}
	EndGlobalSection
EndGlobal
