
Microsoft Visual Studio Solution File, Format Version 12.00
# Visual Studio Version 17
VisualStudioVersion = 17.0.31612.314
MinimumVisualStudioVersion = 10.0.40219.1
Project("{9A19103F-16F7-4668-BE54-9A1E7A4F7556}") = "pg122", "pg122.csproj", "{812F58F2-5200-4F26-A96A-37E5EC2F85C3}"
EndProject
Global
	GlobalSection(SolutionConfigurationPlatforms) = preSolution
		Debug|Any CPU = Debug|Any CPU
		Release|Any CPU = Release|Any CPU
	EndGlobalSection
	GlobalSection(ProjectConfigurationPlatforms) = postSolution
		{812F58F2-5200-4F26-A96A-37E5EC2F85C3}.Debug|Any CPU.ActiveCfg = Debug|Any CPU
		{812F58F2-5200-4F26-A96A-37E5EC2F85C3}.Debug|Any CPU.Build.0 = Debug|Any CPU
		{812F58F2-5200-4F26-A96A-37E5EC2F85C3}.Release|Any CPU.ActiveCfg = Release|Any CPU
		{812F58F2-5200-4F26-A96A-37E5EC2F85C3}.Release|Any CPU.Build.0 = Release|Any CPU
	EndGlobalSection
	GlobalSection(SolutionProperties) = preSolution
		HideSolutionNode = FALSE
	EndGlobalSection
	GlobalSection(ExtensibilityGlobals) = postSolution
		SolutionGuid = {5561A45D-86F8-40C6-B379-13197BE115DF}
	EndGlobalSection
EndGlobal
