
Microsoft Visual Studio Solution File, Format Version 12.00
# Visual Studio Version 17
VisualStudioVersion = 17.0.31903.59
MinimumVisualStudioVersion = 10.0.40219.1
Project("{9A19103F-16F7-4668-BE54-9A1E7A4F7556}") = "excel497", "excel497.csproj", "{C7F9F56B-40D2-46EB-BAF5-9FE0514D1619}"
EndProject
Global
	GlobalSection(SolutionConfigurationPlatforms) = preSolution
		Debug|Any CPU = Debug|Any CPU
		Release|Any CPU = Release|Any CPU
	EndGlobalSection
	GlobalSection(ProjectConfigurationPlatforms) = postSolution
		{C7F9F56B-40D2-46EB-BAF5-9FE0514D1619}.Debug|Any CPU.ActiveCfg = Debug|Any CPU
		{C7F9F56B-40D2-46EB-BAF5-9FE0514D1619}.Debug|Any CPU.Build.0 = Debug|Any CPU
		{C7F9F56B-40D2-46EB-BAF5-9FE0514D1619}.Release|Any CPU.ActiveCfg = Release|Any CPU
		{C7F9F56B-40D2-46EB-BAF5-9FE0514D1619}.Release|Any CPU.Build.0 = Release|Any CPU
	EndGlobalSection
	GlobalSection(SolutionProperties) = preSolution
		HideSolutionNode = FALSE
	EndGlobalSection
	GlobalSection(ExtensibilityGlobals) = postSolution
		SolutionGuid = {C775F66E-DFBC-44BA-9EFF-EFFDED7A9F79}
	EndGlobalSection
EndGlobal
