
Microsoft Visual Studio Solution File, Format Version 12.00
# Visual Studio Version 17
VisualStudioVersion = 17.0.31903.59
MinimumVisualStudioVersion = 10.0.40219.1
Project("{9A19103F-16F7-4668-BE54-9A1E7A4F7556}") = "debug268", "debug268.csproj", "{AE7DB246-D5F6-4C73-B183-5462A942FF42}"
EndProject
Global
	GlobalSection(SolutionConfigurationPlatforms) = preSolution
		Debug|Any CPU = Debug|Any CPU
		Release|Any CPU = Release|Any CPU
	EndGlobalSection
	GlobalSection(ProjectConfigurationPlatforms) = postSolution
		{AE7DB246-D5F6-4C73-B183-5462A942FF42}.Debug|Any CPU.ActiveCfg = Debug|Any CPU
		{AE7DB246-D5F6-4C73-B183-5462A942FF42}.Debug|Any CPU.Build.0 = Debug|Any CPU
		{AE7DB246-D5F6-4C73-B183-5462A942FF42}.Release|Any CPU.ActiveCfg = Release|Any CPU
		{AE7DB246-D5F6-4C73-B183-5462A942FF42}.Release|Any CPU.Build.0 = Release|Any CPU
	EndGlobalSection
	GlobalSection(SolutionProperties) = preSolution
		HideSolutionNode = FALSE
	EndGlobalSection
	GlobalSection(ExtensibilityGlobals) = postSolution
		SolutionGuid = {F10B66F3-90A1-4A75-8881-16547E2A4AB1}
	EndGlobalSection
EndGlobal
