
Microsoft Visual Studio Solution File, Format Version 12.00
# Visual Studio Version 17
VisualStudioVersion = 17.0.31612.314
MinimumVisualStudioVersion = 10.0.40219.1
Project("{9A19103F-16F7-4668-BE54-9A1E7A4F7556}") = "pg155", "pg155.csproj", "{66C454AB-C950-47AE-9490-1DBAD60804DC}"
EndProject
Global
	GlobalSection(SolutionConfigurationPlatforms) = preSolution
		Debug|Any CPU = Debug|Any CPU
		Release|Any CPU = Release|Any CPU
	EndGlobalSection
	GlobalSection(ProjectConfigurationPlatforms) = postSolution
		{66C454AB-C950-47AE-9490-1DBAD60804DC}.Debug|Any CPU.ActiveCfg = Debug|Any CPU
		{66C454AB-C950-47AE-9490-1DBAD60804DC}.Debug|Any CPU.Build.0 = Debug|Any CPU
		{66C454AB-C950-47AE-9490-1DBAD60804DC}.Release|Any CPU.ActiveCfg = Release|Any CPU
		{66C454AB-C950-47AE-9490-1DBAD60804DC}.Release|Any CPU.Build.0 = Release|Any CPU
	EndGlobalSection
	GlobalSection(SolutionProperties) = preSolution
		HideSolutionNode = FALSE
	EndGlobalSection
	GlobalSection(ExtensibilityGlobals) = postSolution
		SolutionGuid = {9EE15BA5-AB96-4B29-945D-2C2F60EF32B9}
	EndGlobalSection
EndGlobal
