
Microsoft Visual Studio Solution File, Format Version 12.00
# Visual Studio Version 17
VisualStudioVersion = 17.0.31612.314
MinimumVisualStudioVersion = 10.0.40219.1
Project("{9A19103F-16F7-4668-BE54-9A1E7A4F7556}") = "ui082", "ui082.csproj", "{6FB0047C-5593-423D-9F1E-88F469E27FC9}"
EndProject
Global
	GlobalSection(SolutionConfigurationPlatforms) = preSolution
		Debug|Any CPU = Debug|Any CPU
		Release|Any CPU = Release|Any CPU
	EndGlobalSection
	GlobalSection(ProjectConfigurationPlatforms) = postSolution
		{6FB0047C-5593-423D-9F1E-88F469E27FC9}.Debug|Any CPU.ActiveCfg = Debug|Any CPU
		{6FB0047C-5593-423D-9F1E-88F469E27FC9}.Debug|Any CPU.Build.0 = Debug|Any CPU
		{6FB0047C-5593-423D-9F1E-88F469E27FC9}.Release|Any CPU.ActiveCfg = Release|Any CPU
		{6FB0047C-5593-423D-9F1E-88F469E27FC9}.Release|Any CPU.Build.0 = Release|Any CPU
	EndGlobalSection
	GlobalSection(SolutionProperties) = preSolution
		HideSolutionNode = FALSE
	EndGlobalSection
	GlobalSection(ExtensibilityGlobals) = postSolution
		SolutionGuid = {293D4B2B-72E6-4606-B21B-F1BC07380B13}
	EndGlobalSection
EndGlobal
