
Microsoft Visual Studio Solution File, Format Version 12.00
# Visual Studio Version 17
VisualStudioVersion = 17.0.31612.314
MinimumVisualStudioVersion = 10.0.40219.1
Project("{9A19103F-16F7-4668-BE54-9A1E7A4F7556}") = "pg146", "pg146.csproj", "{0946A346-2153-48D6-8EF0-A73EF32F69E2}"
EndProject
Global
	GlobalSection(SolutionConfigurationPlatforms) = preSolution
		Debug|Any CPU = Debug|Any CPU
		Release|Any CPU = Release|Any CPU
	EndGlobalSection
	GlobalSection(ProjectConfigurationPlatforms) = postSolution
		{0946A346-2153-48D6-8EF0-A73EF32F69E2}.Debug|Any CPU.ActiveCfg = Debug|Any CPU
		{0946A346-2153-48D6-8EF0-A73EF32F69E2}.Debug|Any CPU.Build.0 = Debug|Any CPU
		{0946A346-2153-48D6-8EF0-A73EF32F69E2}.Release|Any CPU.ActiveCfg = Release|Any CPU
		{0946A346-2153-48D6-8EF0-A73EF32F69E2}.Release|Any CPU.Build.0 = Release|Any CPU
	EndGlobalSection
	GlobalSection(SolutionProperties) = preSolution
		HideSolutionNode = FALSE
	EndGlobalSection
	GlobalSection(ExtensibilityGlobals) = postSolution
		SolutionGuid = {88C09BA7-8635-4487-90DD-03C962F80F05}
	EndGlobalSection
EndGlobal
