
Microsoft Visual Studio Solution File, Format Version 12.00
# Visual Studio Version 17
VisualStudioVersion = 17.0.31717.71
MinimumVisualStudioVersion = 10.0.40219.1
Project("{9A19103F-16F7-4668-BE54-9A1E7A4F7556}") = "db349", "db349.csproj", "{DD403E2A-52D2-4355-A76E-A184B049A8A6}"
EndProject
Global
	GlobalSection(SolutionConfigurationPlatforms) = preSolution
		Debug|Any CPU = Debug|Any CPU
		Release|Any CPU = Release|Any CPU
	EndGlobalSection
	GlobalSection(ProjectConfigurationPlatforms) = postSolution
		{DD403E2A-52D2-4355-A76E-A184B049A8A6}.Debug|Any CPU.ActiveCfg = Debug|Any CPU
		{DD403E2A-52D2-4355-A76E-A184B049A8A6}.Debug|Any CPU.Build.0 = Debug|Any CPU
		{DD403E2A-52D2-4355-A76E-A184B049A8A6}.Release|Any CPU.ActiveCfg = Release|Any CPU
		{DD403E2A-52D2-4355-A76E-A184B049A8A6}.Release|Any CPU.Build.0 = Release|Any CPU
	EndGlobalSection
	GlobalSection(SolutionProperties) = preSolution
		HideSolutionNode = FALSE
	EndGlobalSection
	GlobalSection(ExtensibilityGlobals) = postSolution
		SolutionGuid = {57DADBFA-9A1E-416D-B8F0-981D9D602AA5}
	EndGlobalSection
EndGlobal
