
Microsoft Visual Studio Solution File, Format Version 12.00
# Visual Studio Version 17
VisualStudioVersion = 17.0.31717.71
MinimumVisualStudioVersion = 10.0.40219.1
Project("{9A19103F-16F7-4668-BE54-9A1E7A4F7556}") = "graph285", "graph285.csproj", "{45503ED2-E86D-4482-B6FD-B52E59F5994A}"
EndProject
Global
	GlobalSection(SolutionConfigurationPlatforms) = preSolution
		Debug|Any CPU = Debug|Any CPU
		Release|Any CPU = Release|Any CPU
	EndGlobalSection
	GlobalSection(ProjectConfigurationPlatforms) = postSolution
		{45503ED2-E86D-4482-B6FD-B52E59F5994A}.Debug|Any CPU.ActiveCfg = Debug|Any CPU
		{45503ED2-E86D-4482-B6FD-B52E59F5994A}.Debug|Any CPU.Build.0 = Debug|Any CPU
		{45503ED2-E86D-4482-B6FD-B52E59F5994A}.Release|Any CPU.ActiveCfg = Release|Any CPU
		{45503ED2-E86D-4482-B6FD-B52E59F5994A}.Release|Any CPU.Build.0 = Release|Any CPU
	EndGlobalSection
	GlobalSection(SolutionProperties) = preSolution
		HideSolutionNode = FALSE
	EndGlobalSection
	GlobalSection(ExtensibilityGlobals) = postSolution
		SolutionGuid = {4E566956-938C-408E-8E0E-A087F764EEB4}
	EndGlobalSection
EndGlobal
