
Microsoft Visual Studio Solution File, Format Version 12.00
# Visual Studio Version 17
VisualStudioVersion = 17.0.31717.71
MinimumVisualStudioVersion = 10.0.40219.1
Project("{9A19103F-16F7-4668-BE54-9A1E7A4F7556}") = "graph289", "graph289.csproj", "{B6722B09-2EEC-4D19-8E6E-AF26EB09B8BC}"
EndProject
Global
	GlobalSection(SolutionConfigurationPlatforms) = preSolution
		Debug|Any CPU = Debug|Any CPU
		Release|Any CPU = Release|Any CPU
	EndGlobalSection
	GlobalSection(ProjectConfigurationPlatforms) = postSolution
		{B6722B09-2EEC-4D19-8E6E-AF26EB09B8BC}.Debug|Any CPU.ActiveCfg = Debug|Any CPU
		{B6722B09-2EEC-4D19-8E6E-AF26EB09B8BC}.Debug|Any CPU.Build.0 = Debug|Any CPU
		{B6722B09-2EEC-4D19-8E6E-AF26EB09B8BC}.Release|Any CPU.ActiveCfg = Release|Any CPU
		{B6722B09-2EEC-4D19-8E6E-AF26EB09B8BC}.Release|Any CPU.Build.0 = Release|Any CPU
	EndGlobalSection
	GlobalSection(SolutionProperties) = preSolution
		HideSolutionNode = FALSE
	EndGlobalSection
	GlobalSection(ExtensibilityGlobals) = postSolution
		SolutionGuid = {03068BDD-B959-485F-94F3-F40A87A0EDBB}
	EndGlobalSection
EndGlobal
