
Microsoft Visual Studio Solution File, Format Version 12.00
# Visual Studio Version 17
VisualStudioVersion = 17.0.31825.309
MinimumVisualStudioVersion = 10.0.40219.1
Project("{9A19103F-16F7-4668-BE54-9A1E7A4F7556}") = "web425", "web425.csproj", "{D78AA12F-1935-4CE6-9B8F-62043AA45456}"
EndProject
Project("{FAE04EC0-301F-11D3-BF4B-00C04F79EFBC}") = "web425client", "..\web425client\web425client.csproj", "{CCF793F4-4479-4CD8-AD11-852FAE5D209D}"
EndProject
Global
	GlobalSection(SolutionConfigurationPlatforms) = preSolution
		Debug|Any CPU = Debug|Any CPU
		Release|Any CPU = Release|Any CPU
	EndGlobalSection
	GlobalSection(ProjectConfigurationPlatforms) = postSolution
		{D78AA12F-1935-4CE6-9B8F-62043AA45456}.Debug|Any CPU.ActiveCfg = Debug|Any CPU
		{D78AA12F-1935-4CE6-9B8F-62043AA45456}.Debug|Any CPU.Build.0 = Debug|Any CPU
		{D78AA12F-1935-4CE6-9B8F-62043AA45456}.Release|Any CPU.ActiveCfg = Release|Any CPU
		{D78AA12F-1935-4CE6-9B8F-62043AA45456}.Release|Any CPU.Build.0 = Release|Any CPU
		{CCF793F4-4479-4CD8-AD11-852FAE5D209D}.Debug|Any CPU.ActiveCfg = Debug|Any CPU
		{CCF793F4-4479-4CD8-AD11-852FAE5D209D}.Debug|Any CPU.Build.0 = Debug|Any CPU
		{CCF793F4-4479-4CD8-AD11-852FAE5D209D}.Release|Any CPU.ActiveCfg = Release|Any CPU
		{CCF793F4-4479-4CD8-AD11-852FAE5D209D}.Release|Any CPU.Build.0 = Release|Any CPU
	EndGlobalSection
	GlobalSection(SolutionProperties) = preSolution
		HideSolutionNode = FALSE
	EndGlobalSection
	GlobalSection(ExtensibilityGlobals) = postSolution
		SolutionGuid = {1DE4CDB9-367C-48F3-912E-947051697DB8}
	EndGlobalSection
EndGlobal
