
Microsoft Visual Studio Solution File, Format Version 12.00
# Visual Studio Version 17
VisualStudioVersion = 17.0.31717.71
MinimumVisualStudioVersion = 10.0.40219.1
Project("{9A19103F-16F7-4668-BE54-9A1E7A4F7556}") = "db339", "db339.csproj", "{3E2878F4-A094-4435-B595-4392C3DD9363}"
EndProject
Global
	GlobalSection(SolutionConfigurationPlatforms) = preSolution
		Debug|Any CPU = Debug|Any CPU
		Release|Any CPU = Release|Any CPU
	EndGlobalSection
	GlobalSection(ProjectConfigurationPlatforms) = postSolution
		{3E2878F4-A094-4435-B595-4392C3DD9363}.Debug|Any CPU.ActiveCfg = Debug|Any CPU
		{3E2878F4-A094-4435-B595-4392C3DD9363}.Debug|Any CPU.Build.0 = Debug|Any CPU
		{3E2878F4-A094-4435-B595-4392C3DD9363}.Release|Any CPU.ActiveCfg = Release|Any CPU
		{3E2878F4-A094-4435-B595-4392C3DD9363}.Release|Any CPU.Build.0 = Release|Any CPU
	EndGlobalSection
	GlobalSection(SolutionProperties) = preSolution
		HideSolutionNode = FALSE
	EndGlobalSection
	GlobalSection(ExtensibilityGlobals) = postSolution
		SolutionGuid = {3C2FDB36-76F4-466A-9723-E39D6073A86B}
	EndGlobalSection
EndGlobal
