
Microsoft Visual Studio Solution File, Format Version 12.00
# Visual Studio Version 17
VisualStudioVersion = 17.0.31808.319
MinimumVisualStudioVersion = 10.0.40219.1
Project("{9A19103F-16F7-4668-BE54-9A1E7A4F7556}") = "web391", "web391.csproj", "{C976BB75-B960-49E1-8897-C996495105FC}"
EndProject
Global
	GlobalSection(SolutionConfigurationPlatforms) = preSolution
		Debug|Any CPU = Debug|Any CPU
		Release|Any CPU = Release|Any CPU
	EndGlobalSection
	GlobalSection(ProjectConfigurationPlatforms) = postSolution
		{C976BB75-B960-49E1-8897-C996495105FC}.Debug|Any CPU.ActiveCfg = Debug|Any CPU
		{C976BB75-B960-49E1-8897-C996495105FC}.Debug|Any CPU.Build.0 = Debug|Any CPU
		{C976BB75-B960-49E1-8897-C996495105FC}.Release|Any CPU.ActiveCfg = Release|Any CPU
		{C976BB75-B960-49E1-8897-C996495105FC}.Release|Any CPU.Build.0 = Release|Any CPU
	EndGlobalSection
	GlobalSection(SolutionProperties) = preSolution
		HideSolutionNode = FALSE
	EndGlobalSection
	GlobalSection(ExtensibilityGlobals) = postSolution
		SolutionGuid = {A05AE999-262A-4F03-99D4-F7E20DB3436F}
	EndGlobalSection
EndGlobal
