
Microsoft Visual Studio Solution File, Format Version 12.00
# Visual Studio Version 17
VisualStudioVersion = 17.0.31717.71
MinimumVisualStudioVersion = 10.0.40219.1
Project("{9A19103F-16F7-4668-BE54-9A1E7A4F7556}") = "db360", "db360.csproj", "{A5F0667F-2829-4204-B4F2-0E90D57AD36D}"
EndProject
Global
	GlobalSection(SolutionConfigurationPlatforms) = preSolution
		Debug|Any CPU = Debug|Any CPU
		Release|Any CPU = Release|Any CPU
	EndGlobalSection
	GlobalSection(ProjectConfigurationPlatforms) = postSolution
		{A5F0667F-2829-4204-B4F2-0E90D57AD36D}.Debug|Any CPU.ActiveCfg = Debug|Any CPU
		{A5F0667F-2829-4204-B4F2-0E90D57AD36D}.Debug|Any CPU.Build.0 = Debug|Any CPU
		{A5F0667F-2829-4204-B4F2-0E90D57AD36D}.Release|Any CPU.ActiveCfg = Release|Any CPU
		{A5F0667F-2829-4204-B4F2-0E90D57AD36D}.Release|Any CPU.Build.0 = Release|Any CPU
	EndGlobalSection
	GlobalSection(SolutionProperties) = preSolution
		HideSolutionNode = FALSE
	EndGlobalSection
	GlobalSection(ExtensibilityGlobals) = postSolution
		SolutionGuid = {ECDBF624-295E-4AD4-841D-6133ABE703A1}
	EndGlobalSection
EndGlobal
