
Microsoft Visual Studio Solution File, Format Version 12.00
# Visual Studio Version 17
VisualStudioVersion = 17.0.31612.314
MinimumVisualStudioVersion = 10.0.40219.1
Project("{9A19103F-16F7-4668-BE54-9A1E7A4F7556}") = "ui066", "ui066.csproj", "{38D2D7F7-18E6-444A-B6E4-F15C57338252}"
EndProject
Global
	GlobalSection(SolutionConfigurationPlatforms) = preSolution
		Debug|Any CPU = Debug|Any CPU
		Release|Any CPU = Release|Any CPU
	EndGlobalSection
	GlobalSection(ProjectConfigurationPlatforms) = postSolution
		{38D2D7F7-18E6-444A-B6E4-F15C57338252}.Debug|Any CPU.ActiveCfg = Debug|Any CPU
		{38D2D7F7-18E6-444A-B6E4-F15C57338252}.Debug|Any CPU.Build.0 = Debug|Any CPU
		{38D2D7F7-18E6-444A-B6E4-F15C57338252}.Release|Any CPU.ActiveCfg = Release|Any CPU
		{38D2D7F7-18E6-444A-B6E4-F15C57338252}.Release|Any CPU.Build.0 = Release|Any CPU
	EndGlobalSection
	GlobalSection(SolutionProperties) = preSolution
		HideSolutionNode = FALSE
	EndGlobalSection
	GlobalSection(ExtensibilityGlobals) = postSolution
		SolutionGuid = {D933C057-EF29-4D6E-B990-3557A7532A22}
	EndGlobalSection
EndGlobal
