
Microsoft Visual Studio Solution File, Format Version 12.00
# Visual Studio Version 17
VisualStudioVersion = 17.0.31808.319
MinimumVisualStudioVersion = 10.0.40219.1
Project("{9A19103F-16F7-4668-BE54-9A1E7A4F7556}") = "web398", "web398.csproj", "{57C1E583-2C6E-4D88-8D70-333B12C530AE}"
EndProject
Global
	GlobalSection(SolutionConfigurationPlatforms) = preSolution
		Debug|Any CPU = Debug|Any CPU
		Release|Any CPU = Release|Any CPU
	EndGlobalSection
	GlobalSection(ProjectConfigurationPlatforms) = postSolution
		{57C1E583-2C6E-4D88-8D70-333B12C530AE}.Debug|Any CPU.ActiveCfg = Debug|Any CPU
		{57C1E583-2C6E-4D88-8D70-333B12C530AE}.Debug|Any CPU.Build.0 = Debug|Any CPU
		{57C1E583-2C6E-4D88-8D70-333B12C530AE}.Release|Any CPU.ActiveCfg = Release|Any CPU
		{57C1E583-2C6E-4D88-8D70-333B12C530AE}.Release|Any CPU.Build.0 = Release|Any CPU
	EndGlobalSection
	GlobalSection(SolutionProperties) = preSolution
		HideSolutionNode = FALSE
	EndGlobalSection
	GlobalSection(ExtensibilityGlobals) = postSolution
		SolutionGuid = {6C8BBAD9-5756-4121-8174-D45ADFEA66A9}
	EndGlobalSection
EndGlobal
