
Microsoft Visual Studio Solution File, Format Version 12.00
# Visual Studio Version 17
VisualStudioVersion = 17.0.31612.314
MinimumVisualStudioVersion = 10.0.40219.1
Project("{9A19103F-16F7-4668-BE54-9A1E7A4F7556}") = "pg185", "pg185.csproj", "{9974BF20-C1D5-4C4C-A188-105509E8DD20}"
EndProject
Global
	GlobalSection(SolutionConfigurationPlatforms) = preSolution
		Debug|Any CPU = Debug|Any CPU
		Release|Any CPU = Release|Any CPU
	EndGlobalSection
	GlobalSection(ProjectConfigurationPlatforms) = postSolution
		{9974BF20-C1D5-4C4C-A188-105509E8DD20}.Debug|Any CPU.ActiveCfg = Debug|Any CPU
		{9974BF20-C1D5-4C4C-A188-105509E8DD20}.Debug|Any CPU.Build.0 = Debug|Any CPU
		{9974BF20-C1D5-4C4C-A188-105509E8DD20}.Release|Any CPU.ActiveCfg = Release|Any CPU
		{9974BF20-C1D5-4C4C-A188-105509E8DD20}.Release|Any CPU.Build.0 = Release|Any CPU
	EndGlobalSection
	GlobalSection(SolutionProperties) = preSolution
		HideSolutionNode = FALSE
	EndGlobalSection
	GlobalSection(ExtensibilityGlobals) = postSolution
		SolutionGuid = {C56AA75E-8266-411C-904C-3C33A42789EF}
	EndGlobalSection
EndGlobal
