
Microsoft Visual Studio Solution File, Format Version 12.00
# Visual Studio Version 17
VisualStudioVersion = 17.0.31717.71
MinimumVisualStudioVersion = 10.0.40219.1
Project("{9A19103F-16F7-4668-BE54-9A1E7A4F7556}") = "string200", "string200.csproj", "{56724B6F-CB8C-49BD-B7E4-9FC8AA969011}"
EndProject
Global
	GlobalSection(SolutionConfigurationPlatforms) = preSolution
		Debug|Any CPU = Debug|Any CPU
		Release|Any CPU = Release|Any CPU
	EndGlobalSection
	GlobalSection(ProjectConfigurationPlatforms) = postSolution
		{56724B6F-CB8C-49BD-B7E4-9FC8AA969011}.Debug|Any CPU.ActiveCfg = Debug|Any CPU
		{56724B6F-CB8C-49BD-B7E4-9FC8AA969011}.Debug|Any CPU.Build.0 = Debug|Any CPU
		{56724B6F-CB8C-49BD-B7E4-9FC8AA969011}.Release|Any CPU.ActiveCfg = Release|Any CPU
		{56724B6F-CB8C-49BD-B7E4-9FC8AA969011}.Release|Any CPU.Build.0 = Release|Any CPU
	EndGlobalSection
	GlobalSection(SolutionProperties) = preSolution
		HideSolutionNode = FALSE
	EndGlobalSection
	GlobalSection(ExtensibilityGlobals) = postSolution
		SolutionGuid = {6BB1B940-73A1-430C-A029-B97A93B297C8}
	EndGlobalSection
EndGlobal
