
Microsoft Visual Studio Solution File, Format Version 12.00
# Visual Studio Version 17
VisualStudioVersion = 17.0.31903.59
MinimumVisualStudioVersion = 10.0.40219.1
Project("{9A19103F-16F7-4668-BE54-9A1E7A4F7556}") = "ref454", "ref454.csproj", "{57D0ED11-E5BC-460C-B470-782397D822ED}"
EndProject
Project("{FAE04EC0-301F-11D3-BF4B-00C04F79EFBC}") = "ref454Lib", "..\ref454Lib\ref454Lib.csproj", "{DCC61773-6919-4FE1-AED5-D309F1E98095}"
EndProject
Global
	GlobalSection(SolutionConfigurationPlatforms) = preSolution
		Debug|Any CPU = Debug|Any CPU
		Release|Any CPU = Release|Any CPU
	EndGlobalSection
	GlobalSection(ProjectConfigurationPlatforms) = postSolution
		{57D0ED11-E5BC-460C-B470-782397D822ED}.Debug|Any CPU.ActiveCfg = Debug|Any CPU
		{57D0ED11-E5BC-460C-B470-782397D822ED}.Debug|Any CPU.Build.0 = Debug|Any CPU
		{57D0ED11-E5BC-460C-B470-782397D822ED}.Release|Any CPU.ActiveCfg = Release|Any CPU
		{57D0ED11-E5BC-460C-B470-782397D822ED}.Release|Any CPU.Build.0 = Release|Any CPU
		{DCC61773-6919-4FE1-AED5-D309F1E98095}.Debug|Any CPU.ActiveCfg = Debug|Any CPU
		{DCC61773-6919-4FE1-AED5-D309F1E98095}.Debug|Any CPU.Build.0 = Debug|Any CPU
		{DCC61773-6919-4FE1-AED5-D309F1E98095}.Release|Any CPU.ActiveCfg = Release|Any CPU
		{DCC61773-6919-4FE1-AED5-D309F1E98095}.Release|Any CPU.Build.0 = Release|Any CPU
	EndGlobalSection
	GlobalSection(SolutionProperties) = preSolution
		HideSolutionNode = FALSE
	EndGlobalSection
	GlobalSection(ExtensibilityGlobals) = postSolution
		SolutionGuid = {97B930AC-FDC3-4530-9541-C4FE8616EE39}
	EndGlobalSection
EndGlobal
