
Microsoft Visual Studio Solution File, Format Version 12.00
# Visual Studio Version 17
VisualStudioVersion = 17.0.31808.319
MinimumVisualStudioVersion = 10.0.40219.1
Project("{9A19103F-16F7-4668-BE54-9A1E7A4F7556}") = "web415", "web415.csproj", "{0A75BF63-4C50-4F44-AE4C-A2A8A6AE9E54}"
EndProject
Global
	GlobalSection(SolutionConfigurationPlatforms) = preSolution
		Debug|Any CPU = Debug|Any CPU
		Release|Any CPU = Release|Any CPU
	EndGlobalSection
	GlobalSection(ProjectConfigurationPlatforms) = postSolution
		{0A75BF63-4C50-4F44-AE4C-A2A8A6AE9E54}.Debug|Any CPU.ActiveCfg = Debug|Any CPU
		{0A75BF63-4C50-4F44-AE4C-A2A8A6AE9E54}.Debug|Any CPU.Build.0 = Debug|Any CPU
		{0A75BF63-4C50-4F44-AE4C-A2A8A6AE9E54}.Release|Any CPU.ActiveCfg = Release|Any CPU
		{0A75BF63-4C50-4F44-AE4C-A2A8A6AE9E54}.Release|Any CPU.Build.0 = Release|Any CPU
	EndGlobalSection
	GlobalSection(SolutionProperties) = preSolution
		HideSolutionNode = FALSE
	EndGlobalSection
	GlobalSection(ExtensibilityGlobals) = postSolution
		SolutionGuid = {B87B0F6E-3B89-4954-8A15-D8C82530C636}
	EndGlobalSection
EndGlobal
