
Microsoft Visual Studio Solution File, Format Version 12.00
# Visual Studio Version 17
VisualStudioVersion = 17.0.31612.314
MinimumVisualStudioVersion = 10.0.40219.1
Project("{9A19103F-16F7-4668-BE54-9A1E7A4F7556}") = "ui054", "ui054.csproj", "{9C724352-4D46-47AD-A9A4-FE7F62792C2A}"
EndProject
Global
	GlobalSection(SolutionConfigurationPlatforms) = preSolution
		Debug|Any CPU = Debug|Any CPU
		Release|Any CPU = Release|Any CPU
	EndGlobalSection
	GlobalSection(ProjectConfigurationPlatforms) = postSolution
		{9C724352-4D46-47AD-A9A4-FE7F62792C2A}.Debug|Any CPU.ActiveCfg = Debug|Any CPU
		{9C724352-4D46-47AD-A9A4-FE7F62792C2A}.Debug|Any CPU.Build.0 = Debug|Any CPU
		{9C724352-4D46-47AD-A9A4-FE7F62792C2A}.Release|Any CPU.ActiveCfg = Release|Any CPU
		{9C724352-4D46-47AD-A9A4-FE7F62792C2A}.Release|Any CPU.Build.0 = Release|Any CPU
	EndGlobalSection
	GlobalSection(SolutionProperties) = preSolution
		HideSolutionNode = FALSE
	EndGlobalSection
	GlobalSection(ExtensibilityGlobals) = postSolution
		SolutionGuid = {2DDAA8DB-674B-4FA3-BC64-B5ABD4510F70}
	EndGlobalSection
EndGlobal
