
Microsoft Visual Studio Solution File, Format Version 12.00
# Visual Studio Version 17
VisualStudioVersion = 17.0.31903.59
MinimumVisualStudioVersion = 10.0.40219.1
Project("{9A19103F-16F7-4668-BE54-9A1E7A4F7556}") = "error249", "error249.csproj", "{ADEEE521-6FA8-4A5F-8C4D-3936ECB37111}"
EndProject
Global
	GlobalSection(SolutionConfigurationPlatforms) = preSolution
		Debug|Any CPU = Debug|Any CPU
		Release|Any CPU = Release|Any CPU
	EndGlobalSection
	GlobalSection(ProjectConfigurationPlatforms) = postSolution
		{ADEEE521-6FA8-4A5F-8C4D-3936ECB37111}.Debug|Any CPU.ActiveCfg = Debug|Any CPU
		{ADEEE521-6FA8-4A5F-8C4D-3936ECB37111}.Debug|Any CPU.Build.0 = Debug|Any CPU
		{ADEEE521-6FA8-4A5F-8C4D-3936ECB37111}.Release|Any CPU.ActiveCfg = Release|Any CPU
		{ADEEE521-6FA8-4A5F-8C4D-3936ECB37111}.Release|Any CPU.Build.0 = Release|Any CPU
	EndGlobalSection
	GlobalSection(SolutionProperties) = preSolution
		HideSolutionNode = FALSE
	EndGlobalSection
	GlobalSection(ExtensibilityGlobals) = postSolution
		SolutionGuid = {671CB1A1-3E80-4CD4-954C-7BDB085D2DB9}
	EndGlobalSection
EndGlobal
