
Microsoft Visual Studio Solution File, Format Version 12.00
# Visual Studio Version 17
VisualStudioVersion = 17.0.31903.59
MinimumVisualStudioVersion = 10.0.40219.1
Project("{9A19103F-16F7-4668-BE54-9A1E7A4F7556}") = "excel500", "excel500.csproj", "{66F05DCA-50C5-46F9-B287-35E2A092BC63}"
EndProject
Global
	GlobalSection(SolutionConfigurationPlatforms) = preSolution
		Debug|Any CPU = Debug|Any CPU
		Release|Any CPU = Release|Any CPU
	EndGlobalSection
	GlobalSection(ProjectConfigurationPlatforms) = postSolution
		{66F05DCA-50C5-46F9-B287-35E2A092BC63}.Debug|Any CPU.ActiveCfg = Debug|Any CPU
		{66F05DCA-50C5-46F9-B287-35E2A092BC63}.Debug|Any CPU.Build.0 = Debug|Any CPU
		{66F05DCA-50C5-46F9-B287-35E2A092BC63}.Release|Any CPU.ActiveCfg = Release|Any CPU
		{66F05DCA-50C5-46F9-B287-35E2A092BC63}.Release|Any CPU.Build.0 = Release|Any CPU
	EndGlobalSection
	GlobalSection(SolutionProperties) = preSolution
		HideSolutionNode = FALSE
	EndGlobalSection
	GlobalSection(ExtensibilityGlobals) = postSolution
		SolutionGuid = {BAF1B8BA-71A5-483B-811E-21B00611C920}
	EndGlobalSection
EndGlobal
