
Microsoft Visual Studio Solution File, Format Version 12.00
# Visual Studio Version 17
VisualStudioVersion = 17.0.31808.319
MinimumVisualStudioVersion = 10.0.40219.1
Project("{9A19103F-16F7-4668-BE54-9A1E7A4F7556}") = "web414", "web414.csproj", "{13FF0588-F8A7-451A-A10E-F254E1CF6FD2}"
EndProject
Global
	GlobalSection(SolutionConfigurationPlatforms) = preSolution
		Debug|Any CPU = Debug|Any CPU
		Release|Any CPU = Release|Any CPU
	EndGlobalSection
	GlobalSection(ProjectConfigurationPlatforms) = postSolution
		{13FF0588-F8A7-451A-A10E-F254E1CF6FD2}.Debug|Any CPU.ActiveCfg = Debug|Any CPU
		{13FF0588-F8A7-451A-A10E-F254E1CF6FD2}.Debug|Any CPU.Build.0 = Debug|Any CPU
		{13FF0588-F8A7-451A-A10E-F254E1CF6FD2}.Release|Any CPU.ActiveCfg = Release|Any CPU
		{13FF0588-F8A7-451A-A10E-F254E1CF6FD2}.Release|Any CPU.Build.0 = Release|Any CPU
	EndGlobalSection
	GlobalSection(SolutionProperties) = preSolution
		HideSolutionNode = FALSE
	EndGlobalSection
	GlobalSection(ExtensibilityGlobals) = postSolution
		SolutionGuid = {7BBBA4F6-1874-4504-90E8-81CBCFC902EF}
	EndGlobalSection
EndGlobal
