
Microsoft Visual Studio Solution File, Format Version 12.00
# Visual Studio Version 17
VisualStudioVersion = 17.0.31612.314
MinimumVisualStudioVersion = 10.0.40219.1
Project("{9A19103F-16F7-4668-BE54-9A1E7A4F7556}") = "ui045", "ui045.csproj", "{61D4A511-14A1-4391-A67B-AE3DA8B0067A}"
EndProject
Global
	GlobalSection(SolutionConfigurationPlatforms) = preSolution
		Debug|Any CPU = Debug|Any CPU
		Release|Any CPU = Release|Any CPU
	EndGlobalSection
	GlobalSection(ProjectConfigurationPlatforms) = postSolution
		{61D4A511-14A1-4391-A67B-AE3DA8B0067A}.Debug|Any CPU.ActiveCfg = Debug|Any CPU
		{61D4A511-14A1-4391-A67B-AE3DA8B0067A}.Debug|Any CPU.Build.0 = Debug|Any CPU
		{61D4A511-14A1-4391-A67B-AE3DA8B0067A}.Release|Any CPU.ActiveCfg = Release|Any CPU
		{61D4A511-14A1-4391-A67B-AE3DA8B0067A}.Release|Any CPU.Build.0 = Release|Any CPU
	EndGlobalSection
	GlobalSection(SolutionProperties) = preSolution
		HideSolutionNode = FALSE
	EndGlobalSection
	GlobalSection(ExtensibilityGlobals) = postSolution
		SolutionGuid = {BE5E236C-F633-4853-B032-F0AD5382CA5B}
	EndGlobalSection
EndGlobal
