
Microsoft Visual Studio Solution File, Format Version 12.00
# Visual Studio Version 17
VisualStudioVersion = 17.0.31717.71
MinimumVisualStudioVersion = 10.0.40219.1
Project("{9A19103F-16F7-4668-BE54-9A1E7A4F7556}") = "wpf315", "wpf315.csproj", "{6F322F39-71AB-4BC0-8C0D-5159BAF7CD54}"
EndProject
Global
	GlobalSection(SolutionConfigurationPlatforms) = preSolution
		Debug|Any CPU = Debug|Any CPU
		Release|Any CPU = Release|Any CPU
	EndGlobalSection
	GlobalSection(ProjectConfigurationPlatforms) = postSolution
		{6F322F39-71AB-4BC0-8C0D-5159BAF7CD54}.Debug|Any CPU.ActiveCfg = Debug|Any CPU
		{6F322F39-71AB-4BC0-8C0D-5159BAF7CD54}.Debug|Any CPU.Build.0 = Debug|Any CPU
		{6F322F39-71AB-4BC0-8C0D-5159BAF7CD54}.Release|Any CPU.ActiveCfg = Release|Any CPU
		{6F322F39-71AB-4BC0-8C0D-5159BAF7CD54}.Release|Any CPU.Build.0 = Release|Any CPU
	EndGlobalSection
	GlobalSection(SolutionProperties) = preSolution
		HideSolutionNode = FALSE
	EndGlobalSection
	GlobalSection(ExtensibilityGlobals) = postSolution
		SolutionGuid = {E6F118C4-6A52-4C5D-A58F-DBF1245C85A9}
	EndGlobalSection
EndGlobal
