
Microsoft Visual Studio Solution File, Format Version 12.00
# Visual Studio Version 17
VisualStudioVersion = 17.0.31717.71
MinimumVisualStudioVersion = 10.0.40219.1
Project("{9A19103F-16F7-4668-BE54-9A1E7A4F7556}") = "db346", "db346.csproj", "{B7580AC6-534F-47A6-932E-E124458C2869}"
EndProject
Global
	GlobalSection(SolutionConfigurationPlatforms) = preSolution
		Debug|Any CPU = Debug|Any CPU
		Release|Any CPU = Release|Any CPU
	EndGlobalSection
	GlobalSection(ProjectConfigurationPlatforms) = postSolution
		{B7580AC6-534F-47A6-932E-E124458C2869}.Debug|Any CPU.ActiveCfg = Debug|Any CPU
		{B7580AC6-534F-47A6-932E-E124458C2869}.Debug|Any CPU.Build.0 = Debug|Any CPU
		{B7580AC6-534F-47A6-932E-E124458C2869}.Release|Any CPU.ActiveCfg = Release|Any CPU
		{B7580AC6-534F-47A6-932E-E124458C2869}.Release|Any CPU.Build.0 = Release|Any CPU
	EndGlobalSection
	GlobalSection(SolutionProperties) = preSolution
		HideSolutionNode = FALSE
	EndGlobalSection
	GlobalSection(ExtensibilityGlobals) = postSolution
		SolutionGuid = {AD14FF83-F907-40FB-B993-08B959A8DB62}
	EndGlobalSection
EndGlobal
