
Microsoft Visual Studio Solution File, Format Version 12.00
# Visual Studio Version 17
VisualStudioVersion = 17.0.31903.59
MinimumVisualStudioVersion = 10.0.40219.1
Project("{9A19103F-16F7-4668-BE54-9A1E7A4F7556}") = "error237", "error237.csproj", "{FE95BA81-2D91-4DF0-BD0D-E0B4E640C926}"
EndProject
Global
	GlobalSection(SolutionConfigurationPlatforms) = preSolution
		Debug|Any CPU = Debug|Any CPU
		Release|Any CPU = Release|Any CPU
	EndGlobalSection
	GlobalSection(ProjectConfigurationPlatforms) = postSolution
		{FE95BA81-2D91-4DF0-BD0D-E0B4E640C926}.Debug|Any CPU.ActiveCfg = Debug|Any CPU
		{FE95BA81-2D91-4DF0-BD0D-E0B4E640C926}.Debug|Any CPU.Build.0 = Debug|Any CPU
		{FE95BA81-2D91-4DF0-BD0D-E0B4E640C926}.Release|Any CPU.ActiveCfg = Release|Any CPU
		{FE95BA81-2D91-4DF0-BD0D-E0B4E640C926}.Release|Any CPU.Build.0 = Release|Any CPU
	EndGlobalSection
	GlobalSection(SolutionProperties) = preSolution
		HideSolutionNode = FALSE
	EndGlobalSection
	GlobalSection(ExtensibilityGlobals) = postSolution
		SolutionGuid = {D611F08F-9099-4476-A935-DE24C4C9F8A6}
	EndGlobalSection
EndGlobal
