
Microsoft Visual Studio Solution File, Format Version 12.00
# Visual Studio Version 17
VisualStudioVersion = 17.0.31808.319
MinimumVisualStudioVersion = 10.0.40219.1
Project("{9A19103F-16F7-4668-BE54-9A1E7A4F7556}") = "net385", "net385.csproj", "{E925C6C2-F2D4-454A-9125-9E973254AA06}"
EndProject
Project("{9A19103F-16F7-4668-BE54-9A1E7A4F7556}") = "netserver", "..\netserver\netserver.csproj", "{B9AFE88D-ADD4-4654-B996-933E9A18CC98}"
EndProject
Global
	GlobalSection(SolutionConfigurationPlatforms) = preSolution
		Debug|Any CPU = Debug|Any CPU
		Release|Any CPU = Release|Any CPU
	EndGlobalSection
	GlobalSection(ProjectConfigurationPlatforms) = postSolution
		{E925C6C2-F2D4-454A-9125-9E973254AA06}.Debug|Any CPU.ActiveCfg = Debug|Any CPU
		{E925C6C2-F2D4-454A-9125-9E973254AA06}.Debug|Any CPU.Build.0 = Debug|Any CPU
		{E925C6C2-F2D4-454A-9125-9E973254AA06}.Release|Any CPU.ActiveCfg = Release|Any CPU
		{E925C6C2-F2D4-454A-9125-9E973254AA06}.Release|Any CPU.Build.0 = Release|Any CPU
		{B9AFE88D-ADD4-4654-B996-933E9A18CC98}.Debug|Any CPU.ActiveCfg = Debug|Any CPU
		{B9AFE88D-ADD4-4654-B996-933E9A18CC98}.Debug|Any CPU.Build.0 = Debug|Any CPU
		{B9AFE88D-ADD4-4654-B996-933E9A18CC98}.Release|Any CPU.ActiveCfg = Release|Any CPU
		{B9AFE88D-ADD4-4654-B996-933E9A18CC98}.Release|Any CPU.Build.0 = Release|Any CPU
	EndGlobalSection
	GlobalSection(SolutionProperties) = preSolution
		HideSolutionNode = FALSE
	EndGlobalSection
	GlobalSection(ExtensibilityGlobals) = postSolution
		SolutionGuid = {D1F0C5E0-32A6-4336-8A56-02422A591898}
	EndGlobalSection
EndGlobal
