
Microsoft Visual Studio Solution File, Format Version 12.00
# Visual Studio Version 17
VisualStudioVersion = 17.0.31612.314
MinimumVisualStudioVersion = 10.0.40219.1
Project("{9A19103F-16F7-4668-BE54-9A1E7A4F7556}") = "ui092", "ui092.csproj", "{C61EA7EA-ED9E-457B-A517-E04CCD2FD1DD}"
EndProject
Global
	GlobalSection(SolutionConfigurationPlatforms) = preSolution
		Debug|Any CPU = Debug|Any CPU
		Release|Any CPU = Release|Any CPU
	EndGlobalSection
	GlobalSection(ProjectConfigurationPlatforms) = postSolution
		{C61EA7EA-ED9E-457B-A517-E04CCD2FD1DD}.Debug|Any CPU.ActiveCfg = Debug|Any CPU
		{C61EA7EA-ED9E-457B-A517-E04CCD2FD1DD}.Debug|Any CPU.Build.0 = Debug|Any CPU
		{C61EA7EA-ED9E-457B-A517-E04CCD2FD1DD}.Release|Any CPU.ActiveCfg = Release|Any CPU
		{C61EA7EA-ED9E-457B-A517-E04CCD2FD1DD}.Release|Any CPU.Build.0 = Release|Any CPU
	EndGlobalSection
	GlobalSection(SolutionProperties) = preSolution
		HideSolutionNode = FALSE
	EndGlobalSection
	GlobalSection(ExtensibilityGlobals) = postSolution
		SolutionGuid = {FD2F3314-AE41-46F4-B168-EEAE4E4A2CC7}
	EndGlobalSection
EndGlobal
