
Microsoft Visual Studio Solution File, Format Version 12.00
# Visual Studio Version 17
VisualStudioVersion = 17.0.31612.314
MinimumVisualStudioVersion = 10.0.40219.1
Project("{9A19103F-16F7-4668-BE54-9A1E7A4F7556}") = "ui065", "ui065.csproj", "{D83556B3-8222-401D-BE93-DE427E88AAEA}"
EndProject
Global
	GlobalSection(SolutionConfigurationPlatforms) = preSolution
		Debug|Any CPU = Debug|Any CPU
		Release|Any CPU = Release|Any CPU
	EndGlobalSection
	GlobalSection(ProjectConfigurationPlatforms) = postSolution
		{D83556B3-8222-401D-BE93-DE427E88AAEA}.Debug|Any CPU.ActiveCfg = Debug|Any CPU
		{D83556B3-8222-401D-BE93-DE427E88AAEA}.Debug|Any CPU.Build.0 = Debug|Any CPU
		{D83556B3-8222-401D-BE93-DE427E88AAEA}.Release|Any CPU.ActiveCfg = Release|Any CPU
		{D83556B3-8222-401D-BE93-DE427E88AAEA}.Release|Any CPU.Build.0 = Release|Any CPU
	EndGlobalSection
	GlobalSection(SolutionProperties) = preSolution
		HideSolutionNode = FALSE
	EndGlobalSection
	GlobalSection(ExtensibilityGlobals) = postSolution
		SolutionGuid = {5AF5AD93-645B-47B5-90FB-492375EA3CD9}
	EndGlobalSection
EndGlobal
