
Microsoft Visual Studio Solution File, Format Version 12.00
# Visual Studio Version 17
VisualStudioVersion = 17.0.31808.319
MinimumVisualStudioVersion = 10.0.40219.1
Project("{9A19103F-16F7-4668-BE54-9A1E7A4F7556}") = "net384", "net384.csproj", "{610073CB-0999-4BD8-A325-F94C35F14BE1}"
EndProject
Project("{9A19103F-16F7-4668-BE54-9A1E7A4F7556}") = "netserver", "..\netserver\netserver.csproj", "{5FFF549C-32E9-47F2-8517-4848D1274002}"
EndProject
Global
	GlobalSection(SolutionConfigurationPlatforms) = preSolution
		Debug|Any CPU = Debug|Any CPU
		Release|Any CPU = Release|Any CPU
	EndGlobalSection
	GlobalSection(ProjectConfigurationPlatforms) = postSolution
		{610073CB-0999-4BD8-A325-F94C35F14BE1}.Debug|Any CPU.ActiveCfg = Debug|Any CPU
		{610073CB-0999-4BD8-A325-F94C35F14BE1}.Debug|Any CPU.Build.0 = Debug|Any CPU
		{610073CB-0999-4BD8-A325-F94C35F14BE1}.Release|Any CPU.ActiveCfg = Release|Any CPU
		{610073CB-0999-4BD8-A325-F94C35F14BE1}.Release|Any CPU.Build.0 = Release|Any CPU
		{5FFF549C-32E9-47F2-8517-4848D1274002}.Debug|Any CPU.ActiveCfg = Debug|Any CPU
		{5FFF549C-32E9-47F2-8517-4848D1274002}.Debug|Any CPU.Build.0 = Debug|Any CPU
		{5FFF549C-32E9-47F2-8517-4848D1274002}.Release|Any CPU.ActiveCfg = Release|Any CPU
		{5FFF549C-32E9-47F2-8517-4848D1274002}.Release|Any CPU.Build.0 = Release|Any CPU
	EndGlobalSection
	GlobalSection(SolutionProperties) = preSolution
		HideSolutionNode = FALSE
	EndGlobalSection
	GlobalSection(ExtensibilityGlobals) = postSolution
		SolutionGuid = {8EB52877-E57B-434D-902E-7A4C743BB23E}
	EndGlobalSection
EndGlobal
