
Microsoft Visual Studio Solution File, Format Version 12.00
# Visual Studio Version 17
VisualStudioVersion = 17.0.31612.314
MinimumVisualStudioVersion = 10.0.40219.1
Project("{9A19103F-16F7-4668-BE54-9A1E7A4F7556}") = "pg183", "pg183.csproj", "{43F91B39-88F2-4A61-8C68-22B78DB7BCA2}"
EndProject
Global
	GlobalSection(SolutionConfigurationPlatforms) = preSolution
		Debug|Any CPU = Debug|Any CPU
		Release|Any CPU = Release|Any CPU
	EndGlobalSection
	GlobalSection(ProjectConfigurationPlatforms) = postSolution
		{43F91B39-88F2-4A61-8C68-22B78DB7BCA2}.Debug|Any CPU.ActiveCfg = Debug|Any CPU
		{43F91B39-88F2-4A61-8C68-22B78DB7BCA2}.Debug|Any CPU.Build.0 = Debug|Any CPU
		{43F91B39-88F2-4A61-8C68-22B78DB7BCA2}.Release|Any CPU.ActiveCfg = Release|Any CPU
		{43F91B39-88F2-4A61-8C68-22B78DB7BCA2}.Release|Any CPU.Build.0 = Release|Any CPU
	EndGlobalSection
	GlobalSection(SolutionProperties) = preSolution
		HideSolutionNode = FALSE
	EndGlobalSection
	GlobalSection(ExtensibilityGlobals) = postSolution
		SolutionGuid = {89C50A79-ADAF-4A9D-B9A0-6B8A4DA1AF73}
	EndGlobalSection
EndGlobal
