
Microsoft Visual Studio Solution File, Format Version 12.00
# Visual Studio Version 17
VisualStudioVersion = 17.0.31612.314
MinimumVisualStudioVersion = 10.0.40219.1
Project("{9A19103F-16F7-4668-BE54-9A1E7A4F7556}") = "ui076", "ui076.csproj", "{471DF904-ABB0-43C7-8D84-E4D158D37D19}"
EndProject
Global
	GlobalSection(SolutionConfigurationPlatforms) = preSolution
		Debug|Any CPU = Debug|Any CPU
		Release|Any CPU = Release|Any CPU
	EndGlobalSection
	GlobalSection(ProjectConfigurationPlatforms) = postSolution
		{471DF904-ABB0-43C7-8D84-E4D158D37D19}.Debug|Any CPU.ActiveCfg = Debug|Any CPU
		{471DF904-ABB0-43C7-8D84-E4D158D37D19}.Debug|Any CPU.Build.0 = Debug|Any CPU
		{471DF904-ABB0-43C7-8D84-E4D158D37D19}.Release|Any CPU.ActiveCfg = Release|Any CPU
		{471DF904-ABB0-43C7-8D84-E4D158D37D19}.Release|Any CPU.Build.0 = Release|Any CPU
	EndGlobalSection
	GlobalSection(SolutionProperties) = preSolution
		HideSolutionNode = FALSE
	EndGlobalSection
	GlobalSection(ExtensibilityGlobals) = postSolution
		SolutionGuid = {451EB611-B66B-4519-A4DB-67E58632A20C}
	EndGlobalSection
EndGlobal
