
Microsoft Visual Studio Solution File, Format Version 12.00
# Visual Studio Version 17
VisualStudioVersion = 17.0.31612.314
MinimumVisualStudioVersion = 10.0.40219.1
Project("{9A19103F-16F7-4668-BE54-9A1E7A4F7556}") = "pg107", "pg107.csproj", "{1C875B95-0E30-4011-82D4-283FDEF2B142}"
EndProject
Global
	GlobalSection(SolutionConfigurationPlatforms) = preSolution
		Debug|Any CPU = Debug|Any CPU
		Release|Any CPU = Release|Any CPU
	EndGlobalSection
	GlobalSection(ProjectConfigurationPlatforms) = postSolution
		{1C875B95-0E30-4011-82D4-283FDEF2B142}.Debug|Any CPU.ActiveCfg = Debug|Any CPU
		{1C875B95-0E30-4011-82D4-283FDEF2B142}.Debug|Any CPU.Build.0 = Debug|Any CPU
		{1C875B95-0E30-4011-82D4-283FDEF2B142}.Release|Any CPU.ActiveCfg = Release|Any CPU
		{1C875B95-0E30-4011-82D4-283FDEF2B142}.Release|Any CPU.Build.0 = Release|Any CPU
	EndGlobalSection
	GlobalSection(SolutionProperties) = preSolution
		HideSolutionNode = FALSE
	EndGlobalSection
	GlobalSection(ExtensibilityGlobals) = postSolution
		SolutionGuid = {0E76E356-B12A-4AE0-B59D-618FFF0A0186}
	EndGlobalSection
EndGlobal
