
Microsoft Visual Studio Solution File, Format Version 12.00
# Visual Studio Version 17
VisualStudioVersion = 17.0.31717.71
MinimumVisualStudioVersion = 10.0.40219.1
Project("{9A19103F-16F7-4668-BE54-9A1E7A4F7556}") = "file227", "file227.csproj", "{3DEDE294-79F9-465E-87AD-34B36F5BB704}"
EndProject
Global
	GlobalSection(SolutionConfigurationPlatforms) = preSolution
		Debug|Any CPU = Debug|Any CPU
		Release|Any CPU = Release|Any CPU
	EndGlobalSection
	GlobalSection(ProjectConfigurationPlatforms) = postSolution
		{3DEDE294-79F9-465E-87AD-34B36F5BB704}.Debug|Any CPU.ActiveCfg = Debug|Any CPU
		{3DEDE294-79F9-465E-87AD-34B36F5BB704}.Debug|Any CPU.Build.0 = Debug|Any CPU
		{3DEDE294-79F9-465E-87AD-34B36F5BB704}.Release|Any CPU.ActiveCfg = Release|Any CPU
		{3DEDE294-79F9-465E-87AD-34B36F5BB704}.Release|Any CPU.Build.0 = Release|Any CPU
	EndGlobalSection
	GlobalSection(SolutionProperties) = preSolution
		HideSolutionNode = FALSE
	EndGlobalSection
	GlobalSection(ExtensibilityGlobals) = postSolution
		SolutionGuid = {6749B479-E522-4182-BDA2-4B7A99E5A6B4}
	EndGlobalSection
EndGlobal
