
Microsoft Visual Studio Solution File, Format Version 12.00
# Visual Studio Version 17
VisualStudioVersion = 17.0.31612.314
MinimumVisualStudioVersion = 10.0.40219.1
Project("{9A19103F-16F7-4668-BE54-9A1E7A4F7556}") = "pg103", "pg103.csproj", "{BB20E8AF-85C0-4B48-9722-041A96F99ACB}"
EndProject
Global
	GlobalSection(SolutionConfigurationPlatforms) = preSolution
		Debug|Any CPU = Debug|Any CPU
		Release|Any CPU = Release|Any CPU
	EndGlobalSection
	GlobalSection(ProjectConfigurationPlatforms) = postSolution
		{BB20E8AF-85C0-4B48-9722-041A96F99ACB}.Debug|Any CPU.ActiveCfg = Debug|Any CPU
		{BB20E8AF-85C0-4B48-9722-041A96F99ACB}.Debug|Any CPU.Build.0 = Debug|Any CPU
		{BB20E8AF-85C0-4B48-9722-041A96F99ACB}.Release|Any CPU.ActiveCfg = Release|Any CPU
		{BB20E8AF-85C0-4B48-9722-041A96F99ACB}.Release|Any CPU.Build.0 = Release|Any CPU
	EndGlobalSection
	GlobalSection(SolutionProperties) = preSolution
		HideSolutionNode = FALSE
	EndGlobalSection
	GlobalSection(ExtensibilityGlobals) = postSolution
		SolutionGuid = {F8F2F50C-F044-4261-996C-65EDD5D07205}
	EndGlobalSection
EndGlobal
