
Microsoft Visual Studio Solution File, Format Version 12.00
# Visual Studio Version 17
VisualStudioVersion = 17.0.31717.71
MinimumVisualStudioVersion = 10.0.40219.1
Project("{9A19103F-16F7-4668-BE54-9A1E7A4F7556}") = "db362", "db362.csproj", "{82B593A7-5059-4E87-A42A-76D9B7E0D495}"
EndProject
Global
	GlobalSection(SolutionConfigurationPlatforms) = preSolution
		Debug|Any CPU = Debug|Any CPU
		Release|Any CPU = Release|Any CPU
	EndGlobalSection
	GlobalSection(ProjectConfigurationPlatforms) = postSolution
		{82B593A7-5059-4E87-A42A-76D9B7E0D495}.Debug|Any CPU.ActiveCfg = Debug|Any CPU
		{82B593A7-5059-4E87-A42A-76D9B7E0D495}.Debug|Any CPU.Build.0 = Debug|Any CPU
		{82B593A7-5059-4E87-A42A-76D9B7E0D495}.Release|Any CPU.ActiveCfg = Release|Any CPU
		{82B593A7-5059-4E87-A42A-76D9B7E0D495}.Release|Any CPU.Build.0 = Release|Any CPU
	EndGlobalSection
	GlobalSection(SolutionProperties) = preSolution
		HideSolutionNode = FALSE
	EndGlobalSection
	GlobalSection(ExtensibilityGlobals) = postSolution
		SolutionGuid = {B7B071FB-130E-466D-B3C2-8908E05A308C}
	EndGlobalSection
EndGlobal
