
Microsoft Visual Studio Solution File, Format Version 12.00
# Visual Studio Version 17
VisualStudioVersion = 17.0.31612.314
MinimumVisualStudioVersion = 10.0.40219.1
Project("{9A19103F-16F7-4668-BE54-9A1E7A4F7556}") = "pg098", "pg098.csproj", "{262C595F-FC3A-4EAE-A385-CF07F60FB61C}"
EndProject
Global
	GlobalSection(SolutionConfigurationPlatforms) = preSolution
		Debug|Any CPU = Debug|Any CPU
		Release|Any CPU = Release|Any CPU
	EndGlobalSection
	GlobalSection(ProjectConfigurationPlatforms) = postSolution
		{262C595F-FC3A-4EAE-A385-CF07F60FB61C}.Debug|Any CPU.ActiveCfg = Debug|Any CPU
		{262C595F-FC3A-4EAE-A385-CF07F60FB61C}.Debug|Any CPU.Build.0 = Debug|Any CPU
		{262C595F-FC3A-4EAE-A385-CF07F60FB61C}.Release|Any CPU.ActiveCfg = Release|Any CPU
		{262C595F-FC3A-4EAE-A385-CF07F60FB61C}.Release|Any CPU.Build.0 = Release|Any CPU
	EndGlobalSection
	GlobalSection(SolutionProperties) = preSolution
		HideSolutionNode = FALSE
	EndGlobalSection
	GlobalSection(ExtensibilityGlobals) = postSolution
		SolutionGuid = {B9069579-CD5E-4520-B6EF-7C13F1EA2658}
	EndGlobalSection
EndGlobal
