
Microsoft Visual Studio Solution File, Format Version 12.00
# Visual Studio Version 17
VisualStudioVersion = 17.0.31612.314
MinimumVisualStudioVersion = 10.0.40219.1
Project("{9A19103F-16F7-4668-BE54-9A1E7A4F7556}") = "pg099", "pg099.csproj", "{1EE9DA7D-74F2-41F5-98F5-9F6BE90D8984}"
EndProject
Global
	GlobalSection(SolutionConfigurationPlatforms) = preSolution
		Debug|Any CPU = Debug|Any CPU
		Release|Any CPU = Release|Any CPU
	EndGlobalSection
	GlobalSection(ProjectConfigurationPlatforms) = postSolution
		{1EE9DA7D-74F2-41F5-98F5-9F6BE90D8984}.Debug|Any CPU.ActiveCfg = Debug|Any CPU
		{1EE9DA7D-74F2-41F5-98F5-9F6BE90D8984}.Debug|Any CPU.Build.0 = Debug|Any CPU
		{1EE9DA7D-74F2-41F5-98F5-9F6BE90D8984}.Release|Any CPU.ActiveCfg = Release|Any CPU
		{1EE9DA7D-74F2-41F5-98F5-9F6BE90D8984}.Release|Any CPU.Build.0 = Release|Any CPU
	EndGlobalSection
	GlobalSection(SolutionProperties) = preSolution
		HideSolutionNode = FALSE
	EndGlobalSection
	GlobalSection(ExtensibilityGlobals) = postSolution
		SolutionGuid = {A2C97D3F-E068-4852-84C6-FF4164CE85C8}
	EndGlobalSection
EndGlobal
