
Microsoft Visual Studio Solution File, Format Version 12.00
# Visual Studio Version 17
VisualStudioVersion = 17.0.31717.71
MinimumVisualStudioVersion = 10.0.40219.1
Project("{9A19103F-16F7-4668-BE54-9A1E7A4F7556}") = "db345", "db345.csproj", "{8B7ABD45-D785-4376-AF43-4900AE5A725A}"
EndProject
Global
	GlobalSection(SolutionConfigurationPlatforms) = preSolution
		Debug|Any CPU = Debug|Any CPU
		Release|Any CPU = Release|Any CPU
	EndGlobalSection
	GlobalSection(ProjectConfigurationPlatforms) = postSolution
		{8B7ABD45-D785-4376-AF43-4900AE5A725A}.Debug|Any CPU.ActiveCfg = Debug|Any CPU
		{8B7ABD45-D785-4376-AF43-4900AE5A725A}.Debug|Any CPU.Build.0 = Debug|Any CPU
		{8B7ABD45-D785-4376-AF43-4900AE5A725A}.Release|Any CPU.ActiveCfg = Release|Any CPU
		{8B7ABD45-D785-4376-AF43-4900AE5A725A}.Release|Any CPU.Build.0 = Release|Any CPU
	EndGlobalSection
	GlobalSection(SolutionProperties) = preSolution
		HideSolutionNode = FALSE
	EndGlobalSection
	GlobalSection(ExtensibilityGlobals) = postSolution
		SolutionGuid = {03B47794-E559-4F50-9936-D981EE7B56D3}
	EndGlobalSection
EndGlobal
