
Microsoft Visual Studio Solution File, Format Version 12.00
# Visual Studio Version 17
VisualStudioVersion = 17.0.31903.59
MinimumVisualStudioVersion = 10.0.40219.1
Project("{9A19103F-16F7-4668-BE54-9A1E7A4F7556}") = "error247", "error247.csproj", "{BBC419F7-D8DF-434F-80A7-9D97C9EB742C}"
EndProject
Global
	GlobalSection(SolutionConfigurationPlatforms) = preSolution
		Debug|Any CPU = Debug|Any CPU
		Release|Any CPU = Release|Any CPU
	EndGlobalSection
	GlobalSection(ProjectConfigurationPlatforms) = postSolution
		{BBC419F7-D8DF-434F-80A7-9D97C9EB742C}.Debug|Any CPU.ActiveCfg = Debug|Any CPU
		{BBC419F7-D8DF-434F-80A7-9D97C9EB742C}.Debug|Any CPU.Build.0 = Debug|Any CPU
		{BBC419F7-D8DF-434F-80A7-9D97C9EB742C}.Release|Any CPU.ActiveCfg = Release|Any CPU
		{BBC419F7-D8DF-434F-80A7-9D97C9EB742C}.Release|Any CPU.Build.0 = Release|Any CPU
	EndGlobalSection
	GlobalSection(SolutionProperties) = preSolution
		HideSolutionNode = FALSE
	EndGlobalSection
	GlobalSection(ExtensibilityGlobals) = postSolution
		SolutionGuid = {6AB6EB4A-0661-4280-AE34-C894AC4BF146}
	EndGlobalSection
EndGlobal
