
Microsoft Visual Studio Solution File, Format Version 12.00
# Visual Studio Version 17
VisualStudioVersion = 17.0.31717.71
MinimumVisualStudioVersion = 10.0.40219.1
Project("{9A19103F-16F7-4668-BE54-9A1E7A4F7556}") = "db333", "db333.csproj", "{0738B6D2-72F8-4AF5-9A97-F584E3E35DB5}"
EndProject
Global
	GlobalSection(SolutionConfigurationPlatforms) = preSolution
		Debug|Any CPU = Debug|Any CPU
		Release|Any CPU = Release|Any CPU
	EndGlobalSection
	GlobalSection(ProjectConfigurationPlatforms) = postSolution
		{0738B6D2-72F8-4AF5-9A97-F584E3E35DB5}.Debug|Any CPU.ActiveCfg = Debug|Any CPU
		{0738B6D2-72F8-4AF5-9A97-F584E3E35DB5}.Debug|Any CPU.Build.0 = Debug|Any CPU
		{0738B6D2-72F8-4AF5-9A97-F584E3E35DB5}.Release|Any CPU.ActiveCfg = Release|Any CPU
		{0738B6D2-72F8-4AF5-9A97-F584E3E35DB5}.Release|Any CPU.Build.0 = Release|Any CPU
	EndGlobalSection
	GlobalSection(SolutionProperties) = preSolution
		HideSolutionNode = FALSE
	EndGlobalSection
	GlobalSection(ExtensibilityGlobals) = postSolution
		SolutionGuid = {A21B7A7B-141F-4BAD-93E4-6C9C1DA6994F}
	EndGlobalSection
EndGlobal
