
Microsoft Visual Studio Solution File, Format Version 12.00
# Visual Studio Version 17
VisualStudioVersion = 17.0.31808.319
MinimumVisualStudioVersion = 10.0.40219.1
Project("{9A19103F-16F7-4668-BE54-9A1E7A4F7556}") = "web417", "web417.csproj", "{94572188-B42D-46B4-96E2-3421BB50C068}"
EndProject
Global
	GlobalSection(SolutionConfigurationPlatforms) = preSolution
		Debug|Any CPU = Debug|Any CPU
		Release|Any CPU = Release|Any CPU
	EndGlobalSection
	GlobalSection(ProjectConfigurationPlatforms) = postSolution
		{94572188-B42D-46B4-96E2-3421BB50C068}.Debug|Any CPU.ActiveCfg = Debug|Any CPU
		{94572188-B42D-46B4-96E2-3421BB50C068}.Debug|Any CPU.Build.0 = Debug|Any CPU
		{94572188-B42D-46B4-96E2-3421BB50C068}.Release|Any CPU.ActiveCfg = Release|Any CPU
		{94572188-B42D-46B4-96E2-3421BB50C068}.Release|Any CPU.Build.0 = Release|Any CPU
	EndGlobalSection
	GlobalSection(SolutionProperties) = preSolution
		HideSolutionNode = FALSE
	EndGlobalSection
	GlobalSection(ExtensibilityGlobals) = postSolution
		SolutionGuid = {CCCC5A26-60F8-43AC-B81C-5CCC4CA9A204}
	EndGlobalSection
EndGlobal
