
Microsoft Visual Studio Solution File, Format Version 12.00
# Visual Studio Version 17
VisualStudioVersion = 17.0.32014.148
MinimumVisualStudioVersion = 10.0.40219.1
Project("{9A19103F-16F7-4668-BE54-9A1E7A4F7556}") = "proj027", "proj027.csproj", "{8C2D971A-10F7-4A1D-AD72-835811D55203}"
EndProject
Global
	GlobalSection(SolutionConfigurationPlatforms) = preSolution
		Debug|Any CPU = Debug|Any CPU
		Release|Any CPU = Release|Any CPU
	EndGlobalSection
	GlobalSection(ProjectConfigurationPlatforms) = postSolution
		{8C2D971A-10F7-4A1D-AD72-835811D55203}.Debug|Any CPU.ActiveCfg = Debug|Any CPU
		{8C2D971A-10F7-4A1D-AD72-835811D55203}.Debug|Any CPU.Build.0 = Debug|Any CPU
		{8C2D971A-10F7-4A1D-AD72-835811D55203}.Release|Any CPU.ActiveCfg = Release|Any CPU
		{8C2D971A-10F7-4A1D-AD72-835811D55203}.Release|Any CPU.Build.0 = Release|Any CPU
	EndGlobalSection
	GlobalSection(SolutionProperties) = preSolution
		HideSolutionNode = FALSE
	EndGlobalSection
	GlobalSection(ExtensibilityGlobals) = postSolution
		SolutionGuid = {AE860EEA-1976-4914-A2DB-90C255F59889}
	EndGlobalSection
EndGlobal
