
Microsoft Visual Studio Solution File, Format Version 12.00
# Visual Studio Version 17
VisualStudioVersion = 17.0.31717.71
MinimumVisualStudioVersion = 10.0.40219.1
Project("{9A19103F-16F7-4668-BE54-9A1E7A4F7556}") = "wpf326", "wpf326.csproj", "{07737F4A-E6A2-4109-82EE-5747CC28121B}"
EndProject
Global
	GlobalSection(SolutionConfigurationPlatforms) = preSolution
		Debug|Any CPU = Debug|Any CPU
		Release|Any CPU = Release|Any CPU
	EndGlobalSection
	GlobalSection(ProjectConfigurationPlatforms) = postSolution
		{07737F4A-E6A2-4109-82EE-5747CC28121B}.Debug|Any CPU.ActiveCfg = Debug|Any CPU
		{07737F4A-E6A2-4109-82EE-5747CC28121B}.Debug|Any CPU.Build.0 = Debug|Any CPU
		{07737F4A-E6A2-4109-82EE-5747CC28121B}.Release|Any CPU.ActiveCfg = Release|Any CPU
		{07737F4A-E6A2-4109-82EE-5747CC28121B}.Release|Any CPU.Build.0 = Release|Any CPU
	EndGlobalSection
	GlobalSection(SolutionProperties) = preSolution
		HideSolutionNode = FALSE
	EndGlobalSection
	GlobalSection(ExtensibilityGlobals) = postSolution
		SolutionGuid = {577D78CD-D8A3-44FF-8AE9-141B5732A6FE}
	EndGlobalSection
EndGlobal
