
Microsoft Visual Studio Solution File, Format Version 12.00
# Visual Studio Version 17
VisualStudioVersion = 17.0.31612.314
MinimumVisualStudioVersion = 10.0.40219.1
Project("{9A19103F-16F7-4668-BE54-9A1E7A4F7556}") = "ui058", "ui058.csproj", "{A68CCC37-55FC-463F-9C7F-682445AEB337}"
EndProject
Global
	GlobalSection(SolutionConfigurationPlatforms) = preSolution
		Debug|Any CPU = Debug|Any CPU
		Release|Any CPU = Release|Any CPU
	EndGlobalSection
	GlobalSection(ProjectConfigurationPlatforms) = postSolution
		{A68CCC37-55FC-463F-9C7F-682445AEB337}.Debug|Any CPU.ActiveCfg = Debug|Any CPU
		{A68CCC37-55FC-463F-9C7F-682445AEB337}.Debug|Any CPU.Build.0 = Debug|Any CPU
		{A68CCC37-55FC-463F-9C7F-682445AEB337}.Release|Any CPU.ActiveCfg = Release|Any CPU
		{A68CCC37-55FC-463F-9C7F-682445AEB337}.Release|Any CPU.Build.0 = Release|Any CPU
	EndGlobalSection
	GlobalSection(SolutionProperties) = preSolution
		HideSolutionNode = FALSE
	EndGlobalSection
	GlobalSection(ExtensibilityGlobals) = postSolution
		SolutionGuid = {84B2886E-2649-41DF-9E10-2C3AA2D3B38C}
	EndGlobalSection
EndGlobal
