
Microsoft Visual Studio Solution File, Format Version 12.00
# Visual Studio Version 17
VisualStudioVersion = 17.0.31808.319
MinimumVisualStudioVersion = 10.0.40219.1
Project("{9A19103F-16F7-4668-BE54-9A1E7A4F7556}") = "web394", "web394.csproj", "{D7486E67-F977-477F-B011-5154894959CE}"
EndProject
Global
	GlobalSection(SolutionConfigurationPlatforms) = preSolution
		Debug|Any CPU = Debug|Any CPU
		Release|Any CPU = Release|Any CPU
	EndGlobalSection
	GlobalSection(ProjectConfigurationPlatforms) = postSolution
		{D7486E67-F977-477F-B011-5154894959CE}.Debug|Any CPU.ActiveCfg = Debug|Any CPU
		{D7486E67-F977-477F-B011-5154894959CE}.Debug|Any CPU.Build.0 = Debug|Any CPU
		{D7486E67-F977-477F-B011-5154894959CE}.Release|Any CPU.ActiveCfg = Release|Any CPU
		{D7486E67-F977-477F-B011-5154894959CE}.Release|Any CPU.Build.0 = Release|Any CPU
	EndGlobalSection
	GlobalSection(SolutionProperties) = preSolution
		HideSolutionNode = FALSE
	EndGlobalSection
	GlobalSection(ExtensibilityGlobals) = postSolution
		SolutionGuid = {3F9BD588-2FAC-470C-85F4-A5D42D51AD20}
	EndGlobalSection
EndGlobal
