
Microsoft Visual Studio Solution File, Format Version 12.00
# Visual Studio Version 17
VisualStudioVersion = 17.0.31717.71
MinimumVisualStudioVersion = 10.0.40219.1
Project("{9A19103F-16F7-4668-BE54-9A1E7A4F7556}") = "wpf309", "wpf309.csproj", "{6F4FD70D-C808-4DB6-A4EE-C70E83389705}"
EndProject
Global
	GlobalSection(SolutionConfigurationPlatforms) = preSolution
		Debug|Any CPU = Debug|Any CPU
		Release|Any CPU = Release|Any CPU
	EndGlobalSection
	GlobalSection(ProjectConfigurationPlatforms) = postSolution
		{6F4FD70D-C808-4DB6-A4EE-C70E83389705}.Debug|Any CPU.ActiveCfg = Debug|Any CPU
		{6F4FD70D-C808-4DB6-A4EE-C70E83389705}.Debug|Any CPU.Build.0 = Debug|Any CPU
		{6F4FD70D-C808-4DB6-A4EE-C70E83389705}.Release|Any CPU.ActiveCfg = Release|Any CPU
		{6F4FD70D-C808-4DB6-A4EE-C70E83389705}.Release|Any CPU.Build.0 = Release|Any CPU
	EndGlobalSection
	GlobalSection(SolutionProperties) = preSolution
		HideSolutionNode = FALSE
	EndGlobalSection
	GlobalSection(ExtensibilityGlobals) = postSolution
		SolutionGuid = {FC99B935-1C43-4A04-945B-6BDC31326CE6}
	EndGlobalSection
EndGlobal
