
Microsoft Visual Studio Solution File, Format Version 12.00
# Visual Studio Version 17
VisualStudioVersion = 17.0.31612.314
MinimumVisualStudioVersion = 10.0.40219.1
Project("{9A19103F-16F7-4668-BE54-9A1E7A4F7556}") = "pg138", "pg138.csproj", "{FDF88A0F-7210-445E-BF72-0CDCAD3A52E9}"
EndProject
Global
	GlobalSection(SolutionConfigurationPlatforms) = preSolution
		Debug|Any CPU = Debug|Any CPU
		Release|Any CPU = Release|Any CPU
	EndGlobalSection
	GlobalSection(ProjectConfigurationPlatforms) = postSolution
		{FDF88A0F-7210-445E-BF72-0CDCAD3A52E9}.Debug|Any CPU.ActiveCfg = Debug|Any CPU
		{FDF88A0F-7210-445E-BF72-0CDCAD3A52E9}.Debug|Any CPU.Build.0 = Debug|Any CPU
		{FDF88A0F-7210-445E-BF72-0CDCAD3A52E9}.Release|Any CPU.ActiveCfg = Release|Any CPU
		{FDF88A0F-7210-445E-BF72-0CDCAD3A52E9}.Release|Any CPU.Build.0 = Release|Any CPU
	EndGlobalSection
	GlobalSection(SolutionProperties) = preSolution
		HideSolutionNode = FALSE
	EndGlobalSection
	GlobalSection(ExtensibilityGlobals) = postSolution
		SolutionGuid = {4D0B94BD-B913-4A28-923A-B1807D6CF790}
	EndGlobalSection
EndGlobal
