
Microsoft Visual Studio Solution File, Format Version 12.00
# Visual Studio Version 17
VisualStudioVersion = 17.0.31612.314
MinimumVisualStudioVersion = 10.0.40219.1
Project("{9A19103F-16F7-4668-BE54-9A1E7A4F7556}") = "pg141", "pg141.csproj", "{8377BB74-4FAC-452D-A26C-88FA55E00750}"
EndProject
Global
	GlobalSection(SolutionConfigurationPlatforms) = preSolution
		Debug|Any CPU = Debug|Any CPU
		Release|Any CPU = Release|Any CPU
	EndGlobalSection
	GlobalSection(ProjectConfigurationPlatforms) = postSolution
		{8377BB74-4FAC-452D-A26C-88FA55E00750}.Debug|Any CPU.ActiveCfg = Debug|Any CPU
		{8377BB74-4FAC-452D-A26C-88FA55E00750}.Debug|Any CPU.Build.0 = Debug|Any CPU
		{8377BB74-4FAC-452D-A26C-88FA55E00750}.Release|Any CPU.ActiveCfg = Release|Any CPU
		{8377BB74-4FAC-452D-A26C-88FA55E00750}.Release|Any CPU.Build.0 = Release|Any CPU
	EndGlobalSection
	GlobalSection(SolutionProperties) = preSolution
		HideSolutionNode = FALSE
	EndGlobalSection
	GlobalSection(ExtensibilityGlobals) = postSolution
		SolutionGuid = {E42F9860-2101-4CAB-BB15-C0B0BE4A832C}
	EndGlobalSection
EndGlobal
