
Microsoft Visual Studio Solution File, Format Version 12.00
# Visual Studio Version 17
VisualStudioVersion = 17.0.31903.59
MinimumVisualStudioVersion = 10.0.40219.1
Project("{9A19103F-16F7-4668-BE54-9A1E7A4F7556}") = "error245", "error245.csproj", "{2388ACC8-A4FF-43ED-966C-6409EFB01072}"
EndProject
Global
	GlobalSection(SolutionConfigurationPlatforms) = preSolution
		Debug|Any CPU = Debug|Any CPU
		Release|Any CPU = Release|Any CPU
	EndGlobalSection
	GlobalSection(ProjectConfigurationPlatforms) = postSolution
		{2388ACC8-A4FF-43ED-966C-6409EFB01072}.Debug|Any CPU.ActiveCfg = Debug|Any CPU
		{2388ACC8-A4FF-43ED-966C-6409EFB01072}.Debug|Any CPU.Build.0 = Debug|Any CPU
		{2388ACC8-A4FF-43ED-966C-6409EFB01072}.Release|Any CPU.ActiveCfg = Release|Any CPU
		{2388ACC8-A4FF-43ED-966C-6409EFB01072}.Release|Any CPU.Build.0 = Release|Any CPU
	EndGlobalSection
	GlobalSection(SolutionProperties) = preSolution
		HideSolutionNode = FALSE
	EndGlobalSection
	GlobalSection(ExtensibilityGlobals) = postSolution
		SolutionGuid = {DCA6C72F-422F-49CC-ADD7-82B9939CD26F}
	EndGlobalSection
EndGlobal
