
Microsoft Visual Studio Solution File, Format Version 12.00
# Visual Studio Version 17
VisualStudioVersion = 17.0.31612.314
MinimumVisualStudioVersion = 10.0.40219.1
Project("{9A19103F-16F7-4668-BE54-9A1E7A4F7556}") = "pg159", "pg159.csproj", "{1496EC39-BCA8-4183-ACDC-43201DFBEA81}"
EndProject
Global
	GlobalSection(SolutionConfigurationPlatforms) = preSolution
		Debug|Any CPU = Debug|Any CPU
		Release|Any CPU = Release|Any CPU
	EndGlobalSection
	GlobalSection(ProjectConfigurationPlatforms) = postSolution
		{1496EC39-BCA8-4183-ACDC-43201DFBEA81}.Debug|Any CPU.ActiveCfg = Debug|Any CPU
		{1496EC39-BCA8-4183-ACDC-43201DFBEA81}.Debug|Any CPU.Build.0 = Debug|Any CPU
		{1496EC39-BCA8-4183-ACDC-43201DFBEA81}.Release|Any CPU.ActiveCfg = Release|Any CPU
		{1496EC39-BCA8-4183-ACDC-43201DFBEA81}.Release|Any CPU.Build.0 = Release|Any CPU
	EndGlobalSection
	GlobalSection(SolutionProperties) = preSolution
		HideSolutionNode = FALSE
	EndGlobalSection
	GlobalSection(ExtensibilityGlobals) = postSolution
		SolutionGuid = {6DBB6875-2C54-4187-A5CE-312DF8280035}
	EndGlobalSection
EndGlobal
