
Microsoft Visual Studio Solution File, Format Version 12.00
# Visual Studio Version 17
VisualStudioVersion = 17.0.31717.71
MinimumVisualStudioVersion = 10.0.40219.1
Project("{9A19103F-16F7-4668-BE54-9A1E7A4F7556}") = "db363", "db363.csproj", "{775ECC07-3FF6-482F-B94B-001A9BEEDEDA}"
EndProject
Global
	GlobalSection(SolutionConfigurationPlatforms) = preSolution
		Debug|Any CPU = Debug|Any CPU
		Release|Any CPU = Release|Any CPU
	EndGlobalSection
	GlobalSection(ProjectConfigurationPlatforms) = postSolution
		{775ECC07-3FF6-482F-B94B-001A9BEEDEDA}.Debug|Any CPU.ActiveCfg = Debug|Any CPU
		{775ECC07-3FF6-482F-B94B-001A9BEEDEDA}.Debug|Any CPU.Build.0 = Debug|Any CPU
		{775ECC07-3FF6-482F-B94B-001A9BEEDEDA}.Release|Any CPU.ActiveCfg = Release|Any CPU
		{775ECC07-3FF6-482F-B94B-001A9BEEDEDA}.Release|Any CPU.Build.0 = Release|Any CPU
	EndGlobalSection
	GlobalSection(SolutionProperties) = preSolution
		HideSolutionNode = FALSE
	EndGlobalSection
	GlobalSection(ExtensibilityGlobals) = postSolution
		SolutionGuid = {F389E441-A49E-41EC-867C-8DE1E45CCDEC}
	EndGlobalSection
EndGlobal
