
Microsoft Visual Studio Solution File, Format Version 12.00
# Visual Studio Version 17
VisualStudioVersion = 17.0.31717.71
MinimumVisualStudioVersion = 10.0.40219.1
Project("{9A19103F-16F7-4668-BE54-9A1E7A4F7556}") = "db365", "db365.csproj", "{238666B5-3648-402B-8893-26438B168099}"
EndProject
Global
	GlobalSection(SolutionConfigurationPlatforms) = preSolution
		Debug|Any CPU = Debug|Any CPU
		Release|Any CPU = Release|Any CPU
	EndGlobalSection
	GlobalSection(ProjectConfigurationPlatforms) = postSolution
		{238666B5-3648-402B-8893-26438B168099}.Debug|Any CPU.ActiveCfg = Debug|Any CPU
		{238666B5-3648-402B-8893-26438B168099}.Debug|Any CPU.Build.0 = Debug|Any CPU
		{238666B5-3648-402B-8893-26438B168099}.Release|Any CPU.ActiveCfg = Release|Any CPU
		{238666B5-3648-402B-8893-26438B168099}.Release|Any CPU.Build.0 = Release|Any CPU
	EndGlobalSection
	GlobalSection(SolutionProperties) = preSolution
		HideSolutionNode = FALSE
	EndGlobalSection
	GlobalSection(ExtensibilityGlobals) = postSolution
		SolutionGuid = {53EEBC91-4862-470D-9B5D-9D44A34E38B8}
	EndGlobalSection
EndGlobal
