
Microsoft Visual Studio Solution File, Format Version 12.00
# Visual Studio Version 17
VisualStudioVersion = 17.0.31612.314
MinimumVisualStudioVersion = 10.0.40219.1
Project("{9A19103F-16F7-4668-BE54-9A1E7A4F7556}") = "pg179", "pg179.csproj", "{677C7434-51F4-426B-8495-E1455746DE04}"
EndProject
Global
	GlobalSection(SolutionConfigurationPlatforms) = preSolution
		Debug|Any CPU = Debug|Any CPU
		Release|Any CPU = Release|Any CPU
	EndGlobalSection
	GlobalSection(ProjectConfigurationPlatforms) = postSolution
		{677C7434-51F4-426B-8495-E1455746DE04}.Debug|Any CPU.ActiveCfg = Debug|Any CPU
		{677C7434-51F4-426B-8495-E1455746DE04}.Debug|Any CPU.Build.0 = Debug|Any CPU
		{677C7434-51F4-426B-8495-E1455746DE04}.Release|Any CPU.ActiveCfg = Release|Any CPU
		{677C7434-51F4-426B-8495-E1455746DE04}.Release|Any CPU.Build.0 = Release|Any CPU
	EndGlobalSection
	GlobalSection(SolutionProperties) = preSolution
		HideSolutionNode = FALSE
	EndGlobalSection
	GlobalSection(ExtensibilityGlobals) = postSolution
		SolutionGuid = {E7EFB909-066E-43E2-8DEB-AB038A7C1777}
	EndGlobalSection
EndGlobal
