
Microsoft Visual Studio Solution File, Format Version 12.00
# Visual Studio Version 17
VisualStudioVersion = 17.0.31808.319
MinimumVisualStudioVersion = 10.0.40219.1
Project("{9A19103F-16F7-4668-BE54-9A1E7A4F7556}") = "web399", "web399.csproj", "{8AAD4ABE-D5B7-446B-83B4-1DFCB4832551}"
EndProject
Global
	GlobalSection(SolutionConfigurationPlatforms) = preSolution
		Debug|Any CPU = Debug|Any CPU
		Release|Any CPU = Release|Any CPU
	EndGlobalSection
	GlobalSection(ProjectConfigurationPlatforms) = postSolution
		{8AAD4ABE-D5B7-446B-83B4-1DFCB4832551}.Debug|Any CPU.ActiveCfg = Debug|Any CPU
		{8AAD4ABE-D5B7-446B-83B4-1DFCB4832551}.Debug|Any CPU.Build.0 = Debug|Any CPU
		{8AAD4ABE-D5B7-446B-83B4-1DFCB4832551}.Release|Any CPU.ActiveCfg = Release|Any CPU
		{8AAD4ABE-D5B7-446B-83B4-1DFCB4832551}.Release|Any CPU.Build.0 = Release|Any CPU
	EndGlobalSection
	GlobalSection(SolutionProperties) = preSolution
		HideSolutionNode = FALSE
	EndGlobalSection
	GlobalSection(ExtensibilityGlobals) = postSolution
		SolutionGuid = {6B4FA243-D174-48B1-A1B2-C8D0ADB0179E}
	EndGlobalSection
EndGlobal
