
Microsoft Visual Studio Solution File, Format Version 12.00
# Visual Studio Version 17
VisualStudioVersion = 17.0.31717.71
MinimumVisualStudioVersion = 10.0.40219.1
Project("{9A19103F-16F7-4668-BE54-9A1E7A4F7556}") = "wpf324", "wpf324.csproj", "{EDE31B78-C928-44D8-84A2-B17AB796E72B}"
EndProject
Global
	GlobalSection(SolutionConfigurationPlatforms) = preSolution
		Debug|Any CPU = Debug|Any CPU
		Release|Any CPU = Release|Any CPU
	EndGlobalSection
	GlobalSection(ProjectConfigurationPlatforms) = postSolution
		{EDE31B78-C928-44D8-84A2-B17AB796E72B}.Debug|Any CPU.ActiveCfg = Debug|Any CPU
		{EDE31B78-C928-44D8-84A2-B17AB796E72B}.Debug|Any CPU.Build.0 = Debug|Any CPU
		{EDE31B78-C928-44D8-84A2-B17AB796E72B}.Release|Any CPU.ActiveCfg = Release|Any CPU
		{EDE31B78-C928-44D8-84A2-B17AB796E72B}.Release|Any CPU.Build.0 = Release|Any CPU
	EndGlobalSection
	GlobalSection(SolutionProperties) = preSolution
		HideSolutionNode = FALSE
	EndGlobalSection
	GlobalSection(ExtensibilityGlobals) = postSolution
		SolutionGuid = {3C0E8B89-B870-4FFF-A492-971C4A263981}
	EndGlobalSection
EndGlobal
