
Microsoft Visual Studio Solution File, Format Version 12.00
# Visual Studio Version 17
VisualStudioVersion = 17.0.31612.314
MinimumVisualStudioVersion = 10.0.40219.1
Project("{9A19103F-16F7-4668-BE54-9A1E7A4F7556}") = "pg195", "pg195.csproj", "{CF6AF45E-52CD-45E9-972D-8A962C9D71EE}"
EndProject
Global
	GlobalSection(SolutionConfigurationPlatforms) = preSolution
		Debug|Any CPU = Debug|Any CPU
		Release|Any CPU = Release|Any CPU
	EndGlobalSection
	GlobalSection(ProjectConfigurationPlatforms) = postSolution
		{CF6AF45E-52CD-45E9-972D-8A962C9D71EE}.Debug|Any CPU.ActiveCfg = Debug|Any CPU
		{CF6AF45E-52CD-45E9-972D-8A962C9D71EE}.Debug|Any CPU.Build.0 = Debug|Any CPU
		{CF6AF45E-52CD-45E9-972D-8A962C9D71EE}.Release|Any CPU.ActiveCfg = Release|Any CPU
		{CF6AF45E-52CD-45E9-972D-8A962C9D71EE}.Release|Any CPU.Build.0 = Release|Any CPU
	EndGlobalSection
	GlobalSection(SolutionProperties) = preSolution
		HideSolutionNode = FALSE
	EndGlobalSection
	GlobalSection(ExtensibilityGlobals) = postSolution
		SolutionGuid = {93AA763E-3CFF-4816-860E-52AFA1DB243E}
	EndGlobalSection
EndGlobal
