
Microsoft Visual Studio Solution File, Format Version 12.00
# Visual Studio Version 17
VisualStudioVersion = 17.0.31612.314
MinimumVisualStudioVersion = 10.0.40219.1
Project("{9A19103F-16F7-4668-BE54-9A1E7A4F7556}") = "string196", "string196.csproj", "{8A6D1692-DDBF-435C-B238-7B124B4DC51B}"
EndProject
Global
	GlobalSection(SolutionConfigurationPlatforms) = preSolution
		Debug|Any CPU = Debug|Any CPU
		Release|Any CPU = Release|Any CPU
	EndGlobalSection
	GlobalSection(ProjectConfigurationPlatforms) = postSolution
		{8A6D1692-DDBF-435C-B238-7B124B4DC51B}.Debug|Any CPU.ActiveCfg = Debug|Any CPU
		{8A6D1692-DDBF-435C-B238-7B124B4DC51B}.Debug|Any CPU.Build.0 = Debug|Any CPU
		{8A6D1692-DDBF-435C-B238-7B124B4DC51B}.Release|Any CPU.ActiveCfg = Release|Any CPU
		{8A6D1692-DDBF-435C-B238-7B124B4DC51B}.Release|Any CPU.Build.0 = Release|Any CPU
	EndGlobalSection
	GlobalSection(SolutionProperties) = preSolution
		HideSolutionNode = FALSE
	EndGlobalSection
	GlobalSection(ExtensibilityGlobals) = postSolution
		SolutionGuid = {258D5DAF-4FC2-4AA6-AA0B-327405D2040B}
	EndGlobalSection
EndGlobal
