
Microsoft Visual Studio Solution File, Format Version 12.00
# Visual Studio Version 17
VisualStudioVersion = 17.0.31612.314
MinimumVisualStudioVersion = 10.0.40219.1
Project("{9A19103F-16F7-4668-BE54-9A1E7A4F7556}") = "ui059", "ui059.csproj", "{99D4032B-D735-441B-A82F-98B90B13989C}"
EndProject
Global
	GlobalSection(SolutionConfigurationPlatforms) = preSolution
		Debug|Any CPU = Debug|Any CPU
		Release|Any CPU = Release|Any CPU
	EndGlobalSection
	GlobalSection(ProjectConfigurationPlatforms) = postSolution
		{99D4032B-D735-441B-A82F-98B90B13989C}.Debug|Any CPU.ActiveCfg = Debug|Any CPU
		{99D4032B-D735-441B-A82F-98B90B13989C}.Debug|Any CPU.Build.0 = Debug|Any CPU
		{99D4032B-D735-441B-A82F-98B90B13989C}.Release|Any CPU.ActiveCfg = Release|Any CPU
		{99D4032B-D735-441B-A82F-98B90B13989C}.Release|Any CPU.Build.0 = Release|Any CPU
	EndGlobalSection
	GlobalSection(SolutionProperties) = preSolution
		HideSolutionNode = FALSE
	EndGlobalSection
	GlobalSection(ExtensibilityGlobals) = postSolution
		SolutionGuid = {071577DA-2A5C-4C72-8DB0-E751AA723117}
	EndGlobalSection
EndGlobal
