
Microsoft Visual Studio Solution File, Format Version 12.00
# Visual Studio Version 17
VisualStudioVersion = 17.0.31717.71
MinimumVisualStudioVersion = 10.0.40219.1
Project("{9A19103F-16F7-4668-BE54-9A1E7A4F7556}") = "graph282", "graph282.csproj", "{8D2E8519-8402-4921-BD2B-6F2C858950E6}"
EndProject
Global
	GlobalSection(SolutionConfigurationPlatforms) = preSolution
		Debug|Any CPU = Debug|Any CPU
		Release|Any CPU = Release|Any CPU
	EndGlobalSection
	GlobalSection(ProjectConfigurationPlatforms) = postSolution
		{8D2E8519-8402-4921-BD2B-6F2C858950E6}.Debug|Any CPU.ActiveCfg = Debug|Any CPU
		{8D2E8519-8402-4921-BD2B-6F2C858950E6}.Debug|Any CPU.Build.0 = Debug|Any CPU
		{8D2E8519-8402-4921-BD2B-6F2C858950E6}.Release|Any CPU.ActiveCfg = Release|Any CPU
		{8D2E8519-8402-4921-BD2B-6F2C858950E6}.Release|Any CPU.Build.0 = Release|Any CPU
	EndGlobalSection
	GlobalSection(SolutionProperties) = preSolution
		HideSolutionNode = FALSE
	EndGlobalSection
	GlobalSection(ExtensibilityGlobals) = postSolution
		SolutionGuid = {33190171-E533-45FE-A7CF-A5266638C70C}
	EndGlobalSection
EndGlobal
