
Microsoft Visual Studio Solution File, Format Version 12.00
# Visual Studio Version 17
VisualStudioVersion = 17.0.31717.71
MinimumVisualStudioVersion = 10.0.40219.1
Project("{9A19103F-16F7-4668-BE54-9A1E7A4F7556}") = "graph287", "graph287.csproj", "{C16AA647-B23B-42C8-96F1-20904BDF92C5}"
EndProject
Global
	GlobalSection(SolutionConfigurationPlatforms) = preSolution
		Debug|Any CPU = Debug|Any CPU
		Release|Any CPU = Release|Any CPU
	EndGlobalSection
	GlobalSection(ProjectConfigurationPlatforms) = postSolution
		{C16AA647-B23B-42C8-96F1-20904BDF92C5}.Debug|Any CPU.ActiveCfg = Debug|Any CPU
		{C16AA647-B23B-42C8-96F1-20904BDF92C5}.Debug|Any CPU.Build.0 = Debug|Any CPU
		{C16AA647-B23B-42C8-96F1-20904BDF92C5}.Release|Any CPU.ActiveCfg = Release|Any CPU
		{C16AA647-B23B-42C8-96F1-20904BDF92C5}.Release|Any CPU.Build.0 = Release|Any CPU
	EndGlobalSection
	GlobalSection(SolutionProperties) = preSolution
		HideSolutionNode = FALSE
	EndGlobalSection
	GlobalSection(ExtensibilityGlobals) = postSolution
		SolutionGuid = {C8B2AB80-3E9F-4122-8BE6-C23D8E1E3A1F}
	EndGlobalSection
EndGlobal
