
Microsoft Visual Studio Solution File, Format Version 12.00
# Visual Studio Version 17
VisualStudioVersion = 17.0.31612.314
MinimumVisualStudioVersion = 10.0.40219.1
Project("{9A19103F-16F7-4668-BE54-9A1E7A4F7556}") = "ui038", "ui038.csproj", "{60820E1B-76BD-41BC-8639-42DCF018136C}"
EndProject
Global
	GlobalSection(SolutionConfigurationPlatforms) = preSolution
		Debug|Any CPU = Debug|Any CPU
		Release|Any CPU = Release|Any CPU
	EndGlobalSection
	GlobalSection(ProjectConfigurationPlatforms) = postSolution
		{60820E1B-76BD-41BC-8639-42DCF018136C}.Debug|Any CPU.ActiveCfg = Debug|Any CPU
		{60820E1B-76BD-41BC-8639-42DCF018136C}.Debug|Any CPU.Build.0 = Debug|Any CPU
		{60820E1B-76BD-41BC-8639-42DCF018136C}.Release|Any CPU.ActiveCfg = Release|Any CPU
		{60820E1B-76BD-41BC-8639-42DCF018136C}.Release|Any CPU.Build.0 = Release|Any CPU
	EndGlobalSection
	GlobalSection(SolutionProperties) = preSolution
		HideSolutionNode = FALSE
	EndGlobalSection
	GlobalSection(ExtensibilityGlobals) = postSolution
		SolutionGuid = {5A72E891-FC51-4AC8-8F4C-1C6214144E85}
	EndGlobalSection
EndGlobal
