
Microsoft Visual Studio Solution File, Format Version 12.00
# Visual Studio Version 17
VisualStudioVersion = 17.0.31903.59
MinimumVisualStudioVersion = 10.0.40219.1
Project("{9A19103F-16F7-4668-BE54-9A1E7A4F7556}") = "debug272", "debug272.csproj", "{4F4034EA-3E83-411D-AB2A-5919D9C17A8D}"
EndProject
Global
	GlobalSection(SolutionConfigurationPlatforms) = preSolution
		Debug|Any CPU = Debug|Any CPU
		Release|Any CPU = Release|Any CPU
	EndGlobalSection
	GlobalSection(ProjectConfigurationPlatforms) = postSolution
		{4F4034EA-3E83-411D-AB2A-5919D9C17A8D}.Debug|Any CPU.ActiveCfg = Debug|Any CPU
		{4F4034EA-3E83-411D-AB2A-5919D9C17A8D}.Debug|Any CPU.Build.0 = Debug|Any CPU
		{4F4034EA-3E83-411D-AB2A-5919D9C17A8D}.Release|Any CPU.ActiveCfg = Release|Any CPU
		{4F4034EA-3E83-411D-AB2A-5919D9C17A8D}.Release|Any CPU.Build.0 = Release|Any CPU
	EndGlobalSection
	GlobalSection(SolutionProperties) = preSolution
		HideSolutionNode = FALSE
	EndGlobalSection
	GlobalSection(ExtensibilityGlobals) = postSolution
		SolutionGuid = {3404EF0C-5B4A-497F-A9C2-ADB92EEE2970}
	EndGlobalSection
EndGlobal
