
Microsoft Visual Studio Solution File, Format Version 12.00
# Visual Studio Version 17
VisualStudioVersion = 17.0.31612.314
MinimumVisualStudioVersion = 10.0.40219.1
Project("{9A19103F-16F7-4668-BE54-9A1E7A4F7556}") = "ui079", "ui079.csproj", "{F952776F-DB82-4727-907B-7AE81EF98FEE}"
EndProject
Global
	GlobalSection(SolutionConfigurationPlatforms) = preSolution
		Debug|Any CPU = Debug|Any CPU
		Release|Any CPU = Release|Any CPU
	EndGlobalSection
	GlobalSection(ProjectConfigurationPlatforms) = postSolution
		{F952776F-DB82-4727-907B-7AE81EF98FEE}.Debug|Any CPU.ActiveCfg = Debug|Any CPU
		{F952776F-DB82-4727-907B-7AE81EF98FEE}.Debug|Any CPU.Build.0 = Debug|Any CPU
		{F952776F-DB82-4727-907B-7AE81EF98FEE}.Release|Any CPU.ActiveCfg = Release|Any CPU
		{F952776F-DB82-4727-907B-7AE81EF98FEE}.Release|Any CPU.Build.0 = Release|Any CPU
	EndGlobalSection
	GlobalSection(SolutionProperties) = preSolution
		HideSolutionNode = FALSE
	EndGlobalSection
	GlobalSection(ExtensibilityGlobals) = postSolution
		SolutionGuid = {5D2840F9-891C-4947-ADCC-B9BF8C207C00}
	EndGlobalSection
EndGlobal
