
Microsoft Visual Studio Solution File, Format Version 12.00
# Visual Studio Version 17
VisualStudioVersion = 17.0.31612.314
MinimumVisualStudioVersion = 10.0.40219.1
Project("{9A19103F-16F7-4668-BE54-9A1E7A4F7556}") = "pg129", "pg129.csproj", "{C6B2884E-AA0C-449D-A660-0DE586E64BF0}"
EndProject
Global
	GlobalSection(SolutionConfigurationPlatforms) = preSolution
		Debug|Any CPU = Debug|Any CPU
		Release|Any CPU = Release|Any CPU
	EndGlobalSection
	GlobalSection(ProjectConfigurationPlatforms) = postSolution
		{C6B2884E-AA0C-449D-A660-0DE586E64BF0}.Debug|Any CPU.ActiveCfg = Debug|Any CPU
		{C6B2884E-AA0C-449D-A660-0DE586E64BF0}.Debug|Any CPU.Build.0 = Debug|Any CPU
		{C6B2884E-AA0C-449D-A660-0DE586E64BF0}.Release|Any CPU.ActiveCfg = Release|Any CPU
		{C6B2884E-AA0C-449D-A660-0DE586E64BF0}.Release|Any CPU.Build.0 = Release|Any CPU
	EndGlobalSection
	GlobalSection(SolutionProperties) = preSolution
		HideSolutionNode = FALSE
	EndGlobalSection
	GlobalSection(ExtensibilityGlobals) = postSolution
		SolutionGuid = {A37945E1-7153-445B-AC53-145A4A10C675}
	EndGlobalSection
EndGlobal
