
Microsoft Visual Studio Solution File, Format Version 12.00
# Visual Studio Version 17
VisualStudioVersion = 17.0.31612.314
MinimumVisualStudioVersion = 10.0.40219.1
Project("{9A19103F-16F7-4668-BE54-9A1E7A4F7556}") = "pg194", "pg194.csproj", "{5EA28B09-22A1-4F71-A89E-8F528C54910B}"
EndProject
Global
	GlobalSection(SolutionConfigurationPlatforms) = preSolution
		Debug|Any CPU = Debug|Any CPU
		Release|Any CPU = Release|Any CPU
	EndGlobalSection
	GlobalSection(ProjectConfigurationPlatforms) = postSolution
		{5EA28B09-22A1-4F71-A89E-8F528C54910B}.Debug|Any CPU.ActiveCfg = Debug|Any CPU
		{5EA28B09-22A1-4F71-A89E-8F528C54910B}.Debug|Any CPU.Build.0 = Debug|Any CPU
		{5EA28B09-22A1-4F71-A89E-8F528C54910B}.Release|Any CPU.ActiveCfg = Release|Any CPU
		{5EA28B09-22A1-4F71-A89E-8F528C54910B}.Release|Any CPU.Build.0 = Release|Any CPU
	EndGlobalSection
	GlobalSection(SolutionProperties) = preSolution
		HideSolutionNode = FALSE
	EndGlobalSection
	GlobalSection(ExtensibilityGlobals) = postSolution
		SolutionGuid = {D8471058-F627-4B09-BED1-FDA151419F92}
	EndGlobalSection
EndGlobal
