
Microsoft Visual Studio Solution File, Format Version 12.00
# Visual Studio Version 17
VisualStudioVersion = 17.0.31612.314
MinimumVisualStudioVersion = 10.0.40219.1
Project("{9A19103F-16F7-4668-BE54-9A1E7A4F7556}") = "pg124", "pg124.csproj", "{F9EE70C9-F36C-4960-AE0D-7DD465F7670D}"
EndProject
Global
	GlobalSection(SolutionConfigurationPlatforms) = preSolution
		Debug|Any CPU = Debug|Any CPU
		Release|Any CPU = Release|Any CPU
	EndGlobalSection
	GlobalSection(ProjectConfigurationPlatforms) = postSolution
		{F9EE70C9-F36C-4960-AE0D-7DD465F7670D}.Debug|Any CPU.ActiveCfg = Debug|Any CPU
		{F9EE70C9-F36C-4960-AE0D-7DD465F7670D}.Debug|Any CPU.Build.0 = Debug|Any CPU
		{F9EE70C9-F36C-4960-AE0D-7DD465F7670D}.Release|Any CPU.ActiveCfg = Release|Any CPU
		{F9EE70C9-F36C-4960-AE0D-7DD465F7670D}.Release|Any CPU.Build.0 = Release|Any CPU
	EndGlobalSection
	GlobalSection(SolutionProperties) = preSolution
		HideSolutionNode = FALSE
	EndGlobalSection
	GlobalSection(ExtensibilityGlobals) = postSolution
		SolutionGuid = {1645EC77-D15D-466C-9B19-EA82D03AF232}
	EndGlobalSection
EndGlobal
