
Microsoft Visual Studio Solution File, Format Version 12.00
# Visual Studio Version 17
VisualStudioVersion = 17.0.32014.148
MinimumVisualStudioVersion = 10.0.40219.1
Project("{FAE04EC0-301F-11D3-BF4B-00C04F79EFBC}") = "kiso016", "kiso016.csproj", "{FCC494F9-5293-47AE-A1A9-794B6170E861}"
EndProject
Global
	GlobalSection(SolutionConfigurationPlatforms) = preSolution
		Debug|Any CPU = Debug|Any CPU
		Release|Any CPU = Release|Any CPU
	EndGlobalSection
	GlobalSection(ProjectConfigurationPlatforms) = postSolution
		{FCC494F9-5293-47AE-A1A9-794B6170E861}.Debug|Any CPU.ActiveCfg = Debug|Any CPU
		{FCC494F9-5293-47AE-A1A9-794B6170E861}.Debug|Any CPU.Build.0 = Debug|Any CPU
		{FCC494F9-5293-47AE-A1A9-794B6170E861}.Release|Any CPU.ActiveCfg = Release|Any CPU
		{FCC494F9-5293-47AE-A1A9-794B6170E861}.Release|Any CPU.Build.0 = Release|Any CPU
	EndGlobalSection
	GlobalSection(SolutionProperties) = preSolution
		HideSolutionNode = FALSE
	EndGlobalSection
	GlobalSection(ExtensibilityGlobals) = postSolution
		SolutionGuid = {7C3E6520-4940-48EF-9165-7C53CDB7DE39}
	EndGlobalSection
EndGlobal
