
Microsoft Visual Studio Solution File, Format Version 12.00
# Visual Studio Version 17
VisualStudioVersion = 17.0.31612.314
MinimumVisualStudioVersion = 10.0.40219.1
Project("{9A19103F-16F7-4668-BE54-9A1E7A4F7556}") = "pg111", "pg111.csproj", "{CD42232A-1A4E-449A-A23B-F6BDCF3B031F}"
EndProject
Global
	GlobalSection(SolutionConfigurationPlatforms) = preSolution
		Debug|Any CPU = Debug|Any CPU
		Release|Any CPU = Release|Any CPU
	EndGlobalSection
	GlobalSection(ProjectConfigurationPlatforms) = postSolution
		{CD42232A-1A4E-449A-A23B-F6BDCF3B031F}.Debug|Any CPU.ActiveCfg = Debug|Any CPU
		{CD42232A-1A4E-449A-A23B-F6BDCF3B031F}.Debug|Any CPU.Build.0 = Debug|Any CPU
		{CD42232A-1A4E-449A-A23B-F6BDCF3B031F}.Release|Any CPU.ActiveCfg = Release|Any CPU
		{CD42232A-1A4E-449A-A23B-F6BDCF3B031F}.Release|Any CPU.Build.0 = Release|Any CPU
	EndGlobalSection
	GlobalSection(SolutionProperties) = preSolution
		HideSolutionNode = FALSE
	EndGlobalSection
	GlobalSection(ExtensibilityGlobals) = postSolution
		SolutionGuid = {2996D541-F9A9-4D81-A96D-6FEB2BC6B83D}
	EndGlobalSection
EndGlobal
