
Microsoft Visual Studio Solution File, Format Version 12.00
# Visual Studio Version 17
VisualStudioVersion = 17.0.31903.59
MinimumVisualStudioVersion = 10.0.40219.1
Project("{9A19103F-16F7-4668-BE54-9A1E7A4F7556}") = "kiso010", "kiso010.csproj", "{16DEAA28-5953-4658-A7FC-F7D12A8C9A42}"
EndProject
Global
	GlobalSection(SolutionConfigurationPlatforms) = preSolution
		Debug|Any CPU = Debug|Any CPU
		Release|Any CPU = Release|Any CPU
	EndGlobalSection
	GlobalSection(ProjectConfigurationPlatforms) = postSolution
		{16DEAA28-5953-4658-A7FC-F7D12A8C9A42}.Debug|Any CPU.ActiveCfg = Debug|Any CPU
		{16DEAA28-5953-4658-A7FC-F7D12A8C9A42}.Debug|Any CPU.Build.0 = Debug|Any CPU
		{16DEAA28-5953-4658-A7FC-F7D12A8C9A42}.Release|Any CPU.ActiveCfg = Release|Any CPU
		{16DEAA28-5953-4658-A7FC-F7D12A8C9A42}.Release|Any CPU.Build.0 = Release|Any CPU
	EndGlobalSection
	GlobalSection(SolutionProperties) = preSolution
		HideSolutionNode = FALSE
	EndGlobalSection
	GlobalSection(ExtensibilityGlobals) = postSolution
		SolutionGuid = {BCFD01A9-B7AE-4313-89FC-E21E862AC71C}
	EndGlobalSection
EndGlobal
