
Microsoft Visual Studio Solution File, Format Version 12.00
# Visual Studio Version 17
VisualStudioVersion = 17.0.31612.314
MinimumVisualStudioVersion = 10.0.40219.1
Project("{9A19103F-16F7-4668-BE54-9A1E7A4F7556}") = "pg117", "pg117.csproj", "{FADF796C-0B76-41E1-8865-44EBA11339C4}"
EndProject
Global
	GlobalSection(SolutionConfigurationPlatforms) = preSolution
		Debug|Any CPU = Debug|Any CPU
		Release|Any CPU = Release|Any CPU
	EndGlobalSection
	GlobalSection(ProjectConfigurationPlatforms) = postSolution
		{FADF796C-0B76-41E1-8865-44EBA11339C4}.Debug|Any CPU.ActiveCfg = Debug|Any CPU
		{FADF796C-0B76-41E1-8865-44EBA11339C4}.Debug|Any CPU.Build.0 = Debug|Any CPU
		{FADF796C-0B76-41E1-8865-44EBA11339C4}.Release|Any CPU.ActiveCfg = Release|Any CPU
		{FADF796C-0B76-41E1-8865-44EBA11339C4}.Release|Any CPU.Build.0 = Release|Any CPU
	EndGlobalSection
	GlobalSection(SolutionProperties) = preSolution
		HideSolutionNode = FALSE
	EndGlobalSection
	GlobalSection(ExtensibilityGlobals) = postSolution
		SolutionGuid = {4B3F4327-8116-4CB5-8F34-55007A655671}
	EndGlobalSection
EndGlobal
