
Microsoft Visual Studio Solution File, Format Version 12.00
# Visual Studio Version 17
VisualStudioVersion = 17.0.31717.71
MinimumVisualStudioVersion = 10.0.40219.1
Project("{9A19103F-16F7-4668-BE54-9A1E7A4F7556}") = "wpf313", "wpf313.csproj", "{95FEBBBF-FDE2-40DD-AC98-2925B026FCD2}"
EndProject
Global
	GlobalSection(SolutionConfigurationPlatforms) = preSolution
		Debug|Any CPU = Debug|Any CPU
		Release|Any CPU = Release|Any CPU
	EndGlobalSection
	GlobalSection(ProjectConfigurationPlatforms) = postSolution
		{95FEBBBF-FDE2-40DD-AC98-2925B026FCD2}.Debug|Any CPU.ActiveCfg = Debug|Any CPU
		{95FEBBBF-FDE2-40DD-AC98-2925B026FCD2}.Debug|Any CPU.Build.0 = Debug|Any CPU
		{95FEBBBF-FDE2-40DD-AC98-2925B026FCD2}.Release|Any CPU.ActiveCfg = Release|Any CPU
		{95FEBBBF-FDE2-40DD-AC98-2925B026FCD2}.Release|Any CPU.Build.0 = Release|Any CPU
	EndGlobalSection
	GlobalSection(SolutionProperties) = preSolution
		HideSolutionNode = FALSE
	EndGlobalSection
	GlobalSection(ExtensibilityGlobals) = postSolution
		SolutionGuid = {E08B5409-E978-4D0E-A3FB-C8E69DCAB80E}
	EndGlobalSection
EndGlobal
