
Microsoft Visual Studio Solution File, Format Version 12.00
# Visual Studio Version 17
VisualStudioVersion = 17.0.31717.71
MinimumVisualStudioVersion = 10.0.40219.1
Project("{9A19103F-16F7-4668-BE54-9A1E7A4F7556}") = "net375", "net375.csproj", "{924EDD2F-3EE1-4E88-A378-EF2CDA15FD55}"
EndProject
Global
	GlobalSection(SolutionConfigurationPlatforms) = preSolution
		Debug|Any CPU = Debug|Any CPU
		Release|Any CPU = Release|Any CPU
	EndGlobalSection
	GlobalSection(ProjectConfigurationPlatforms) = postSolution
		{924EDD2F-3EE1-4E88-A378-EF2CDA15FD55}.Debug|Any CPU.ActiveCfg = Debug|Any CPU
		{924EDD2F-3EE1-4E88-A378-EF2CDA15FD55}.Debug|Any CPU.Build.0 = Debug|Any CPU
		{924EDD2F-3EE1-4E88-A378-EF2CDA15FD55}.Release|Any CPU.ActiveCfg = Release|Any CPU
		{924EDD2F-3EE1-4E88-A378-EF2CDA15FD55}.Release|Any CPU.Build.0 = Release|Any CPU
	EndGlobalSection
	GlobalSection(SolutionProperties) = preSolution
		HideSolutionNode = FALSE
	EndGlobalSection
	GlobalSection(ExtensibilityGlobals) = postSolution
		SolutionGuid = {AA0D6A74-94CC-4C3F-B58D-E46BEA17E29B}
	EndGlobalSection
EndGlobal
