
Microsoft Visual Studio Solution File, Format Version 12.00
# Visual Studio Version 17
VisualStudioVersion = 17.0.31717.71
MinimumVisualStudioVersion = 10.0.40219.1
Project("{9A19103F-16F7-4668-BE54-9A1E7A4F7556}") = "wpf320", "wpf320.csproj", "{8464B0AD-E760-4A89-A949-76E945423ADA}"
EndProject
Global
	GlobalSection(SolutionConfigurationPlatforms) = preSolution
		Debug|Any CPU = Debug|Any CPU
		Release|Any CPU = Release|Any CPU
	EndGlobalSection
	GlobalSection(ProjectConfigurationPlatforms) = postSolution
		{8464B0AD-E760-4A89-A949-76E945423ADA}.Debug|Any CPU.ActiveCfg = Debug|Any CPU
		{8464B0AD-E760-4A89-A949-76E945423ADA}.Debug|Any CPU.Build.0 = Debug|Any CPU
		{8464B0AD-E760-4A89-A949-76E945423ADA}.Release|Any CPU.ActiveCfg = Release|Any CPU
		{8464B0AD-E760-4A89-A949-76E945423ADA}.Release|Any CPU.Build.0 = Release|Any CPU
	EndGlobalSection
	GlobalSection(SolutionProperties) = preSolution
		HideSolutionNode = FALSE
	EndGlobalSection
	GlobalSection(ExtensibilityGlobals) = postSolution
		SolutionGuid = {D2F6FF6C-2DC0-44FA-90C8-F636944D7B6B}
	EndGlobalSection
EndGlobal
