
Microsoft Visual Studio Solution File, Format Version 12.00
# Visual Studio Version 17
VisualStudioVersion = 17.0.31717.71
MinimumVisualStudioVersion = 10.0.40219.1
Project("{9A19103F-16F7-4668-BE54-9A1E7A4F7556}") = "graph283", "graph283.csproj", "{AB0BD9EA-4942-4122-BD3E-A34127C18708}"
EndProject
Global
	GlobalSection(SolutionConfigurationPlatforms) = preSolution
		Debug|Any CPU = Debug|Any CPU
		Release|Any CPU = Release|Any CPU
	EndGlobalSection
	GlobalSection(ProjectConfigurationPlatforms) = postSolution
		{AB0BD9EA-4942-4122-BD3E-A34127C18708}.Debug|Any CPU.ActiveCfg = Debug|Any CPU
		{AB0BD9EA-4942-4122-BD3E-A34127C18708}.Debug|Any CPU.Build.0 = Debug|Any CPU
		{AB0BD9EA-4942-4122-BD3E-A34127C18708}.Release|Any CPU.ActiveCfg = Release|Any CPU
		{AB0BD9EA-4942-4122-BD3E-A34127C18708}.Release|Any CPU.Build.0 = Release|Any CPU
	EndGlobalSection
	GlobalSection(SolutionProperties) = preSolution
		HideSolutionNode = FALSE
	EndGlobalSection
	GlobalSection(ExtensibilityGlobals) = postSolution
		SolutionGuid = {3C039E38-30D8-4239-8F3E-B418BF30F0BC}
	EndGlobalSection
EndGlobal
