
Microsoft Visual Studio Solution File, Format Version 12.00
# Visual Studio Version 17
VisualStudioVersion = 17.0.31612.314
MinimumVisualStudioVersion = 10.0.40219.1
Project("{9A19103F-16F7-4668-BE54-9A1E7A4F7556}") = "pg191", "pg191.csproj", "{B7DD1F88-AC9C-4E64-8B48-01B762FCAE18}"
EndProject
Global
	GlobalSection(SolutionConfigurationPlatforms) = preSolution
		Debug|Any CPU = Debug|Any CPU
		Release|Any CPU = Release|Any CPU
	EndGlobalSection
	GlobalSection(ProjectConfigurationPlatforms) = postSolution
		{B7DD1F88-AC9C-4E64-8B48-01B762FCAE18}.Debug|Any CPU.ActiveCfg = Debug|Any CPU
		{B7DD1F88-AC9C-4E64-8B48-01B762FCAE18}.Debug|Any CPU.Build.0 = Debug|Any CPU
		{B7DD1F88-AC9C-4E64-8B48-01B762FCAE18}.Release|Any CPU.ActiveCfg = Release|Any CPU
		{B7DD1F88-AC9C-4E64-8B48-01B762FCAE18}.Release|Any CPU.Build.0 = Release|Any CPU
	EndGlobalSection
	GlobalSection(SolutionProperties) = preSolution
		HideSolutionNode = FALSE
	EndGlobalSection
	GlobalSection(ExtensibilityGlobals) = postSolution
		SolutionGuid = {D815A6D6-C4BB-419C-A773-53697E399846}
	EndGlobalSection
EndGlobal
