
Microsoft Visual Studio Solution File, Format Version 12.00
# Visual Studio Version 17
VisualStudioVersion = 17.0.31903.59
MinimumVisualStudioVersion = 10.0.40219.1
Project("{9A19103F-16F7-4668-BE54-9A1E7A4F7556}") = "debug273", "debug273.csproj", "{F5BFB17A-F105-4275-99C4-DEC9EC95079F}"
EndProject
Global
	GlobalSection(SolutionConfigurationPlatforms) = preSolution
		Debug|Any CPU = Debug|Any CPU
		Release|Any CPU = Release|Any CPU
	EndGlobalSection
	GlobalSection(ProjectConfigurationPlatforms) = postSolution
		{F5BFB17A-F105-4275-99C4-DEC9EC95079F}.Debug|Any CPU.ActiveCfg = Debug|Any CPU
		{F5BFB17A-F105-4275-99C4-DEC9EC95079F}.Debug|Any CPU.Build.0 = Debug|Any CPU
		{F5BFB17A-F105-4275-99C4-DEC9EC95079F}.Release|Any CPU.ActiveCfg = Release|Any CPU
		{F5BFB17A-F105-4275-99C4-DEC9EC95079F}.Release|Any CPU.Build.0 = Release|Any CPU
	EndGlobalSection
	GlobalSection(SolutionProperties) = preSolution
		HideSolutionNode = FALSE
	EndGlobalSection
	GlobalSection(ExtensibilityGlobals) = postSolution
		SolutionGuid = {1B67BEDC-2593-499E-9677-62F78038A9FF}
	EndGlobalSection
EndGlobal
