
Microsoft Visual Studio Solution File, Format Version 12.00
# Visual Studio Version 17
VisualStudioVersion = 17.0.31612.314
MinimumVisualStudioVersion = 10.0.40219.1
Project("{9A19103F-16F7-4668-BE54-9A1E7A4F7556}") = "pg123", "pg123.csproj", "{BBE4967A-F3A5-49A3-B935-379697EC8DE8}"
EndProject
Global
	GlobalSection(SolutionConfigurationPlatforms) = preSolution
		Debug|Any CPU = Debug|Any CPU
		Release|Any CPU = Release|Any CPU
	EndGlobalSection
	GlobalSection(ProjectConfigurationPlatforms) = postSolution
		{BBE4967A-F3A5-49A3-B935-379697EC8DE8}.Debug|Any CPU.ActiveCfg = Debug|Any CPU
		{BBE4967A-F3A5-49A3-B935-379697EC8DE8}.Debug|Any CPU.Build.0 = Debug|Any CPU
		{BBE4967A-F3A5-49A3-B935-379697EC8DE8}.Release|Any CPU.ActiveCfg = Release|Any CPU
		{BBE4967A-F3A5-49A3-B935-379697EC8DE8}.Release|Any CPU.Build.0 = Release|Any CPU
	EndGlobalSection
	GlobalSection(SolutionProperties) = preSolution
		HideSolutionNode = FALSE
	EndGlobalSection
	GlobalSection(ExtensibilityGlobals) = postSolution
		SolutionGuid = {435B4BE0-95F0-43FE-9B9B-94FED73F9392}
	EndGlobalSection
EndGlobal
