
Microsoft Visual Studio Solution File, Format Version 12.00
# Visual Studio Version 17
VisualStudioVersion = 17.0.31717.71
MinimumVisualStudioVersion = 10.0.40219.1
Project("{9A19103F-16F7-4668-BE54-9A1E7A4F7556}") = "db354", "db354.csproj", "{FAFA9A25-2229-4FB4-9484-A16CA079D2F4}"
EndProject
Global
	GlobalSection(SolutionConfigurationPlatforms) = preSolution
		Debug|Any CPU = Debug|Any CPU
		Release|Any CPU = Release|Any CPU
	EndGlobalSection
	GlobalSection(ProjectConfigurationPlatforms) = postSolution
		{FAFA9A25-2229-4FB4-9484-A16CA079D2F4}.Debug|Any CPU.ActiveCfg = Debug|Any CPU
		{FAFA9A25-2229-4FB4-9484-A16CA079D2F4}.Debug|Any CPU.Build.0 = Debug|Any CPU
		{FAFA9A25-2229-4FB4-9484-A16CA079D2F4}.Release|Any CPU.ActiveCfg = Release|Any CPU
		{FAFA9A25-2229-4FB4-9484-A16CA079D2F4}.Release|Any CPU.Build.0 = Release|Any CPU
	EndGlobalSection
	GlobalSection(SolutionProperties) = preSolution
		HideSolutionNode = FALSE
	EndGlobalSection
	GlobalSection(ExtensibilityGlobals) = postSolution
		SolutionGuid = {AE63545D-93CE-4A73-B00C-2A265ECE8475}
	EndGlobalSection
EndGlobal
