
Microsoft Visual Studio Solution File, Format Version 12.00
# Visual Studio Version 17
VisualStudioVersion = 17.0.31717.71
MinimumVisualStudioVersion = 10.0.40219.1
Project("{9A19103F-16F7-4668-BE54-9A1E7A4F7556}") = "db352", "db352.csproj", "{59D7CF56-2543-40FB-8353-305777DC381B}"
EndProject
Global
	GlobalSection(SolutionConfigurationPlatforms) = preSolution
		Debug|Any CPU = Debug|Any CPU
		Release|Any CPU = Release|Any CPU
	EndGlobalSection
	GlobalSection(ProjectConfigurationPlatforms) = postSolution
		{59D7CF56-2543-40FB-8353-305777DC381B}.Debug|Any CPU.ActiveCfg = Debug|Any CPU
		{59D7CF56-2543-40FB-8353-305777DC381B}.Debug|Any CPU.Build.0 = Debug|Any CPU
		{59D7CF56-2543-40FB-8353-305777DC381B}.Release|Any CPU.ActiveCfg = Release|Any CPU
		{59D7CF56-2543-40FB-8353-305777DC381B}.Release|Any CPU.Build.0 = Release|Any CPU
	EndGlobalSection
	GlobalSection(SolutionProperties) = preSolution
		HideSolutionNode = FALSE
	EndGlobalSection
	GlobalSection(ExtensibilityGlobals) = postSolution
		SolutionGuid = {EAFB0EAA-131A-481A-B55A-571448CA97C9}
	EndGlobalSection
EndGlobal
