
Microsoft Visual Studio Solution File, Format Version 12.00
# Visual Studio Version 17
VisualStudioVersion = 17.0.31903.59
MinimumVisualStudioVersion = 10.0.40219.1
Project("{9A19103F-16F7-4668-BE54-9A1E7A4F7556}") = "debug254", "debug254.csproj", "{60B3480C-5212-440B-94D8-31BA6D9687AC}"
EndProject
Global
	GlobalSection(SolutionConfigurationPlatforms) = preSolution
		Debug|Any CPU = Debug|Any CPU
		Release|Any CPU = Release|Any CPU
	EndGlobalSection
	GlobalSection(ProjectConfigurationPlatforms) = postSolution
		{60B3480C-5212-440B-94D8-31BA6D9687AC}.Debug|Any CPU.ActiveCfg = Debug|Any CPU
		{60B3480C-5212-440B-94D8-31BA6D9687AC}.Debug|Any CPU.Build.0 = Debug|Any CPU
		{60B3480C-5212-440B-94D8-31BA6D9687AC}.Release|Any CPU.ActiveCfg = Release|Any CPU
		{60B3480C-5212-440B-94D8-31BA6D9687AC}.Release|Any CPU.Build.0 = Release|Any CPU
	EndGlobalSection
	GlobalSection(SolutionProperties) = preSolution
		HideSolutionNode = FALSE
	EndGlobalSection
	GlobalSection(ExtensibilityGlobals) = postSolution
		SolutionGuid = {B1EABE0C-9020-4931-8FF2-9D545EEEFD93}
	EndGlobalSection
EndGlobal
