
Microsoft Visual Studio Solution File, Format Version 12.00
# Visual Studio Version 17
VisualStudioVersion = 17.0.31903.59
MinimumVisualStudioVersion = 10.0.40219.1
Project("{9A19103F-16F7-4668-BE54-9A1E7A4F7556}") = "debug257", "debug257.csproj", "{88C4274D-300E-4D53-BB37-6FF4E141EC92}"
EndProject
Global
	GlobalSection(SolutionConfigurationPlatforms) = preSolution
		Debug|Any CPU = Debug|Any CPU
		Release|Any CPU = Release|Any CPU
	EndGlobalSection
	GlobalSection(ProjectConfigurationPlatforms) = postSolution
		{88C4274D-300E-4D53-BB37-6FF4E141EC92}.Debug|Any CPU.ActiveCfg = Debug|Any CPU
		{88C4274D-300E-4D53-BB37-6FF4E141EC92}.Debug|Any CPU.Build.0 = Debug|Any CPU
		{88C4274D-300E-4D53-BB37-6FF4E141EC92}.Release|Any CPU.ActiveCfg = Release|Any CPU
		{88C4274D-300E-4D53-BB37-6FF4E141EC92}.Release|Any CPU.Build.0 = Release|Any CPU
	EndGlobalSection
	GlobalSection(SolutionProperties) = preSolution
		HideSolutionNode = FALSE
	EndGlobalSection
	GlobalSection(ExtensibilityGlobals) = postSolution
		SolutionGuid = {3D259C3D-C9A7-409B-80DC-724759A7F7FF}
	EndGlobalSection
EndGlobal
