
Microsoft Visual Studio Solution File, Format Version 12.00
# Visual Studio Version 17
VisualStudioVersion = 17.0.31903.59
MinimumVisualStudioVersion = 10.0.40219.1
Project("{9A19103F-16F7-4668-BE54-9A1E7A4F7556}") = "error243", "error243.csproj", "{74FCAFE4-BB09-4D62-970C-F7ECDBEAC5E1}"
EndProject
Global
	GlobalSection(SolutionConfigurationPlatforms) = preSolution
		Debug|Any CPU = Debug|Any CPU
		Release|Any CPU = Release|Any CPU
	EndGlobalSection
	GlobalSection(ProjectConfigurationPlatforms) = postSolution
		{74FCAFE4-BB09-4D62-970C-F7ECDBEAC5E1}.Debug|Any CPU.ActiveCfg = Debug|Any CPU
		{74FCAFE4-BB09-4D62-970C-F7ECDBEAC5E1}.Debug|Any CPU.Build.0 = Debug|Any CPU
		{74FCAFE4-BB09-4D62-970C-F7ECDBEAC5E1}.Release|Any CPU.ActiveCfg = Release|Any CPU
		{74FCAFE4-BB09-4D62-970C-F7ECDBEAC5E1}.Release|Any CPU.Build.0 = Release|Any CPU
	EndGlobalSection
	GlobalSection(SolutionProperties) = preSolution
		HideSolutionNode = FALSE
	EndGlobalSection
	GlobalSection(ExtensibilityGlobals) = postSolution
		SolutionGuid = {5F9AD0EF-8720-42E8-90C2-53CF16412144}
	EndGlobalSection
EndGlobal
