
Microsoft Visual Studio Solution File, Format Version 12.00
# Visual Studio Version 17
VisualStudioVersion = 17.0.31612.314
MinimumVisualStudioVersion = 10.0.40219.1
Project("{9A19103F-16F7-4668-BE54-9A1E7A4F7556}") = "ui072", "ui072.csproj", "{A9C128A6-C520-4C70-AFCB-365A1F2CF09D}"
EndProject
Global
	GlobalSection(SolutionConfigurationPlatforms) = preSolution
		Debug|Any CPU = Debug|Any CPU
		Release|Any CPU = Release|Any CPU
	EndGlobalSection
	GlobalSection(ProjectConfigurationPlatforms) = postSolution
		{A9C128A6-C520-4C70-AFCB-365A1F2CF09D}.Debug|Any CPU.ActiveCfg = Debug|Any CPU
		{A9C128A6-C520-4C70-AFCB-365A1F2CF09D}.Debug|Any CPU.Build.0 = Debug|Any CPU
		{A9C128A6-C520-4C70-AFCB-365A1F2CF09D}.Release|Any CPU.ActiveCfg = Release|Any CPU
		{A9C128A6-C520-4C70-AFCB-365A1F2CF09D}.Release|Any CPU.Build.0 = Release|Any CPU
	EndGlobalSection
	GlobalSection(SolutionProperties) = preSolution
		HideSolutionNode = FALSE
	EndGlobalSection
	GlobalSection(ExtensibilityGlobals) = postSolution
		SolutionGuid = {A12E1364-7168-49B2-9EBF-1E0F2BF12361}
	EndGlobalSection
EndGlobal
