
Microsoft Visual Studio Solution File, Format Version 12.00
# Visual Studio Version 17
VisualStudioVersion = 17.0.31903.59
MinimumVisualStudioVersion = 10.0.40219.1
Project("{9A19103F-16F7-4668-BE54-9A1E7A4F7556}") = "excel489", "excel489.csproj", "{23B8F305-A5F2-4552-9CF3-AB5CEDF25999}"
EndProject
Global
	GlobalSection(SolutionConfigurationPlatforms) = preSolution
		Debug|Any CPU = Debug|Any CPU
		Release|Any CPU = Release|Any CPU
	EndGlobalSection
	GlobalSection(ProjectConfigurationPlatforms) = postSolution
		{23B8F305-A5F2-4552-9CF3-AB5CEDF25999}.Debug|Any CPU.ActiveCfg = Debug|Any CPU
		{23B8F305-A5F2-4552-9CF3-AB5CEDF25999}.Debug|Any CPU.Build.0 = Debug|Any CPU
		{23B8F305-A5F2-4552-9CF3-AB5CEDF25999}.Release|Any CPU.ActiveCfg = Release|Any CPU
		{23B8F305-A5F2-4552-9CF3-AB5CEDF25999}.Release|Any CPU.Build.0 = Release|Any CPU
	EndGlobalSection
	GlobalSection(SolutionProperties) = preSolution
		HideSolutionNode = FALSE
	EndGlobalSection
	GlobalSection(ExtensibilityGlobals) = postSolution
		SolutionGuid = {FA7B0991-3E65-43E6-A368-D98EDC01A8ED}
	EndGlobalSection
EndGlobal
