
Microsoft Visual Studio Solution File, Format Version 12.00
# Visual Studio Version 17
VisualStudioVersion = 17.0.31717.71
MinimumVisualStudioVersion = 10.0.40219.1
Project("{9A19103F-16F7-4668-BE54-9A1E7A4F7556}") = "file226", "file226.csproj", "{769D37DD-166B-4CE4-BEDC-983E3C198972}"
EndProject
Global
	GlobalSection(SolutionConfigurationPlatforms) = preSolution
		Debug|Any CPU = Debug|Any CPU
		Release|Any CPU = Release|Any CPU
	EndGlobalSection
	GlobalSection(ProjectConfigurationPlatforms) = postSolution
		{769D37DD-166B-4CE4-BEDC-983E3C198972}.Debug|Any CPU.ActiveCfg = Debug|Any CPU
		{769D37DD-166B-4CE4-BEDC-983E3C198972}.Debug|Any CPU.Build.0 = Debug|Any CPU
		{769D37DD-166B-4CE4-BEDC-983E3C198972}.Release|Any CPU.ActiveCfg = Release|Any CPU
		{769D37DD-166B-4CE4-BEDC-983E3C198972}.Release|Any CPU.Build.0 = Release|Any CPU
	EndGlobalSection
	GlobalSection(SolutionProperties) = preSolution
		HideSolutionNode = FALSE
	EndGlobalSection
	GlobalSection(ExtensibilityGlobals) = postSolution
		SolutionGuid = {0C8C522E-0225-4599-A756-D28D95C1227B}
	EndGlobalSection
EndGlobal
