
Microsoft Visual Studio Solution File, Format Version 12.00
# Visual Studio Version 17
VisualStudioVersion = 17.0.31903.59
MinimumVisualStudioVersion = 10.0.40219.1
Project("{9A19103F-16F7-4668-BE54-9A1E7A4F7556}") = "debug274", "debug274.csproj", "{1255ED69-99B5-4A65-96D2-5ED46164A80E}"
EndProject
Global
	GlobalSection(SolutionConfigurationPlatforms) = preSolution
		Debug|Any CPU = Debug|Any CPU
		Release|Any CPU = Release|Any CPU
	EndGlobalSection
	GlobalSection(ProjectConfigurationPlatforms) = postSolution
		{1255ED69-99B5-4A65-96D2-5ED46164A80E}.Debug|Any CPU.ActiveCfg = Debug|Any CPU
		{1255ED69-99B5-4A65-96D2-5ED46164A80E}.Debug|Any CPU.Build.0 = Debug|Any CPU
		{1255ED69-99B5-4A65-96D2-5ED46164A80E}.Release|Any CPU.ActiveCfg = Release|Any CPU
		{1255ED69-99B5-4A65-96D2-5ED46164A80E}.Release|Any CPU.Build.0 = Release|Any CPU
	EndGlobalSection
	GlobalSection(SolutionProperties) = preSolution
		HideSolutionNode = FALSE
	EndGlobalSection
	GlobalSection(ExtensibilityGlobals) = postSolution
		SolutionGuid = {CD8CE19A-308A-4C7E-9F2F-9734EDC2E28C}
	EndGlobalSection
EndGlobal
